
Microsoft Visual Studio Solution File, Format Version 12.00
# Visual Studio Version 17
VisualStudioVersion = 17.7.34031.279
MinimumVisualStudioVersion = 10.0.40219.1
Project("{8BC9CEB8-8B4A-11D0-8D11-00A0C91BC942}") = "Bai031", "Bai031\Bai031.vcxproj", "{D5DD84A7-B98B-4058-8D4C-68122FFC3049}"
EndProject
Project("{8BC9CEB8-8B4A-11D0-8D11-00A0C91BC942}") = "Bai034", "Bai034\Bai034.vcxproj", "{329723F2-4CE4-4305-956A-2545D5EB8782}"
EndProject
Project("{8BC9CEB8-8B4A-11D0-8D11-00A0C91BC942}") = "Bai035", "Bai035\Bai035.vcxproj", "{F190E2F6-1749-4897-A518-0D60F908F8BE}"
EndProject
Project("{8BC9CEB8-8B4A-11D0-8D11-00A0C91BC942}") = "Bai036", "Bai036\Bai036.vcxproj", "{04996BCB-E7C7-41D3-A294-E2B643F0424F}"
EndProject
Project("{8BC9CEB8-8B4A-11D0-8D11-00A0C91BC942}") = "Bai037", "Bai037\Bai037.vcxproj", "{E3E26388-D417-422F-8A51-D7D037FD12F9}"
EndProject
Project("{8BC9CEB8-8B4A-11D0-8D11-00A0C91BC942}") = "Bai038", "Bai038\Bai038.vcxproj", "{D4C68BD6-2781-44D4-BB33-65817FB3AA0B}"
EndProject
Project("{8BC9CEB8-8B4A-11D0-8D11-00A0C91BC942}") = "Bai039", "Bai039\Bai039.vcxproj", "{3F0F26B1-2B58-445B-8FC9-C18FFE806C44}"
EndProject
Project("{8BC9CEB8-8B4A-11D0-8D11-00A0C91BC942}") = "Bai040", "Bai040\Bai040.vcxproj", "{7063CBAF-C3CB-4ABC-95CB-EE076614ECCA}"
EndProject
Project("{8BC9CEB8-8B4A-11D0-8D11-00A0C91BC942}") = "Bai041", "Bai041\Bai041.vcxproj", "{B3711A14-EC62-4586-A07A-70D2E7286775}"
EndProject
Project("{8BC9CEB8-8B4A-11D0-8D11-00A0C91BC942}") = "Bai042", "Bai042\Bai042.vcxproj", "{92133814-0A21-4C1B-90A9-3DDB2C61DE2E}"
EndProject
Project("{8BC9CEB8-8B4A-11D0-8D11-00A0C91BC942}") = "Bai043", "Bai043\Bai043.vcxproj", "{3008CFCE-4952-4416-945B-1D49076DE6D1}"
EndProject
Project("{8BC9CEB8-8B4A-11D0-8D11-00A0C91BC942}") = "Bai044", "Bai044\Bai044.vcxproj", "{E618F8AE-31E6-44E7-AC5F-7BA4A0554BA3}"
EndProject
Project("{8BC9CEB8-8B4A-11D0-8D11-00A0C91BC942}") = "Bai045", "Bai045\Bai045.vcxproj", "{4168A020-D4C3-49CA-8B56-ED372651CC3A}"
EndProject
Project("{8BC9CEB8-8B4A-11D0-8D11-00A0C91BC942}") = "Bai046", "Bai046\Bai046.vcxproj", "{53F41B82-48D2-4F2C-80C8-F41D21B2338A}"
EndProject
Project("{8BC9CEB8-8B4A-11D0-8D11-00A0C91BC942}") = "Bai047", "Bai047\Bai047.vcxproj", "{68A0980D-AAD2-4326-B9CF-0D9EEC2B6888}"
EndProject
Project("{8BC9CEB8-8B4A-11D0-8D11-00A0C91BC942}") = "Bai048", "Bai048\Bai048.vcxproj", "{808E68D9-9D87-46D2-8C9B-F27A7E8D07CC}"
EndProject
Project("{8BC9CEB8-8B4A-11D0-8D11-00A0C91BC942}") = "Bai049", "Bai049\Bai049.vcxproj", "{FAB3C55D-CA2C-48C8-896F-891BC9143613}"
EndProject
Project("{8BC9CEB8-8B4A-11D0-8D11-00A0C91BC942}") = "Bai050", "Bai050\Bai050.vcxproj", "{9AB1D361-BF10-47F7-A1AC-91667EA1B725}"
EndProject
Project("{8BC9CEB8-8B4A-11D0-8D11-00A0C91BC942}") = "Bai051", "Bai051\Bai051.vcxproj", "{F8D7F768-8931-4B7B-92FB-9B7A97366817}"
EndProject
Project("{8BC9CEB8-8B4A-11D0-8D11-00A0C91BC942}") = "Bai032", "Bai032\Bai032.vcxproj", "{065815D8-24ED-43A5-B06B-311C2CB95F9B}"
EndProject
Project("{8BC9CEB8-8B4A-11D0-8D11-00A0C91BC942}") = "Bai033", "Bai033\Bai033.vcxproj", "{AB38C895-6072-4378-8878-B3756D593A3F}"
EndProject
Project("{8BC9CEB8-8B4A-11D0-8D11-00A0C91BC942}") = "Bai001", "Bai001\Bai001.vcxproj", "{C618F336-6266-4B5D-AC02-AB82074F94E8}"
EndProject
Project("{8BC9CEB8-8B4A-11D0-8D11-00A0C91BC942}") = "Bai002", "Bai002\Bai002.vcxproj", "{6516695F-5981-4B86-9EF6-2A0225B53C81}"
EndProject
Project("{8BC9CEB8-8B4A-11D0-8D11-00A0C91BC942}") = "Bai003", "Bai003\Bai003.vcxproj", "{7C334451-25CD-4A3B-95C3-5290A6A9AF8B}"
EndProject
Project("{8BC9CEB8-8B4A-11D0-8D11-00A0C91BC942}") = "Bai004", "Bai004\Bai004.vcxproj", "{ECFB6DEE-FACC-486C-81AE-FD78557B403B}"
EndProject
Project("{8BC9CEB8-8B4A-11D0-8D11-00A0C91BC942}") = "Bai005", "Bai005\Bai005.vcxproj", "{74C1C069-76C3-4339-B765-F8F49ECE1F05}"
EndProject
Project("{8BC9CEB8-8B4A-11D0-8D11-00A0C91BC942}") = "Bai006", "Bai006\Bai006.vcxproj", "{F597A5E0-0C88-41BE-959B-88687FDB61EA}"
EndProject
Project("{8BC9CEB8-8B4A-11D0-8D11-00A0C91BC942}") = "Bai007", "Bai007\Bai007.vcxproj", "{A2E6F388-3040-4A62-A8EC-3155C061E5BD}"
EndProject
Project("{8BC9CEB8-8B4A-11D0-8D11-00A0C91BC942}") = "Bai008", "Bai008\Bai008.vcxproj", "{58A109E6-C124-4EE8-B0A2-D21BE8EAC2E9}"
EndProject
Project("{8BC9CEB8-8B4A-11D0-8D11-00A0C91BC942}") = "Bai009", "Bai009\Bai009.vcxproj", "{1219AE80-D1C6-4335-B35D-7D6EFF21A941}"
EndProject
Project("{8BC9CEB8-8B4A-11D0-8D11-00A0C91BC942}") = "Bai010", "Bai010\Bai010.vcxproj", "{DE236FDC-26A8-421E-A94A-BDF67A17CF15}"
EndProject
Project("{8BC9CEB8-8B4A-11D0-8D11-00A0C91BC942}") = "Bai011", "Bai011\Bai011.vcxproj", "{EA06C3F6-37D3-43C9-80A4-95C9C13DE0DA}"
EndProject
Project("{8BC9CEB8-8B4A-11D0-8D11-00A0C91BC942}") = "Bai012", "Bai012\Bai012.vcxproj", "{3E2ABD7D-F5D7-4103-A4F6-E3EAA5EAC944}"
EndProject
Project("{8BC9CEB8-8B4A-11D0-8D11-00A0C91BC942}") = "Bai013", "Bai013\Bai013.vcxproj", "{9B27C2C7-9BA2-4FF6-B85E-8889209CC615}"
EndProject
Project("{8BC9CEB8-8B4A-11D0-8D11-00A0C91BC942}") = "Bai014", "Bai014\Bai014.vcxproj", "{CEC8DCD2-3E79-459F-99D7-BA0ED868B95C}"
EndProject
Project("{8BC9CEB8-8B4A-11D0-8D11-00A0C91BC942}") = "Bai015", "Bai015\Bai015.vcxproj", "{FFCC8DDC-9398-4D91-8C12-EC202902AEB3}"
EndProject
Project("{8BC9CEB8-8B4A-11D0-8D11-00A0C91BC942}") = "Bai016", "Bai016\Bai016.vcxproj", "{0C76FBD2-279B-4DC2-8B53-7C0A3581A3C8}"
EndProject
Project("{8BC9CEB8-8B4A-11D0-8D11-00A0C91BC942}") = "Bai017", "Bai017\Bai017.vcxproj", "{6C8D4413-AE64-4980-B208-8CB3F4041AF7}"
EndProject
Project("{8BC9CEB8-8B4A-11D0-8D11-00A0C91BC942}") = "Bai018", "Bai018\Bai018.vcxproj", "{6D9C3A96-6CC6-4B9E-89CD-30FFA8A402D5}"
EndProject
Project("{8BC9CEB8-8B4A-11D0-8D11-00A0C91BC942}") = "Bai019", "Bai019\Bai019.vcxproj", "{8419EA9D-8DC8-4F30-B044-C6290852C2BC}"
EndProject
Project("{8BC9CEB8-8B4A-11D0-8D11-00A0C91BC942}") = "Bai020", "Bai020\Bai020.vcxproj", "{E9BDACCC-8E2F-4302-8A88-DAE55C46188E}"
EndProject
Project("{8BC9CEB8-8B4A-11D0-8D11-00A0C91BC942}") = "Bai021", "Bai021\Bai021.vcxproj", "{BE101DE6-7984-4242-8BE3-056420200178}"
EndProject
Project("{8BC9CEB8-8B4A-11D0-8D11-00A0C91BC942}") = "Bai022", "Bai022\Bai022.vcxproj", "{ADA0527A-E899-4DC8-8ADA-642EF21867F2}"
EndProject
Project("{8BC9CEB8-8B4A-11D0-8D11-00A0C91BC942}") = "Bai023", "Bai023\Bai023.vcxproj", "{93EFE5B9-122C-4C56-BED5-996AE1A0256E}"
EndProject
Project("{8BC9CEB8-8B4A-11D0-8D11-00A0C91BC942}") = "Bai024", "Bai024\Bai024.vcxproj", "{33FEA1CF-778F-4CE9-94BA-C5EDC60D7C00}"
EndProject
Project("{8BC9CEB8-8B4A-11D0-8D11-00A0C91BC942}") = "Bai025", "Bai025\Bai025.vcxproj", "{9C008DD9-B368-48D6-88F9-597F6955FD1D}"
EndProject
Project("{8BC9CEB8-8B4A-11D0-8D11-00A0C91BC942}") = "Bai026", "Bai026\Bai026.vcxproj", "{837908BE-9B59-4660-AE8E-14D67F7CCD3F}"
EndProject
Project("{8BC9CEB8-8B4A-11D0-8D11-00A0C91BC942}") = "Bai027", "Bai027\Bai027.vcxproj", "{765CD06F-BD54-44BA-A84A-F45467EF4C00}"
EndProject
Project("{8BC9CEB8-8B4A-11D0-8D11-00A0C91BC942}") = "Bai028", "Bai028\Bai028.vcxproj", "{ED944911-E95D-44AE-9E04-47DBAAD0EBAD}"
EndProject
Project("{8BC9CEB8-8B4A-11D0-8D11-00A0C91BC942}") = "Bai029", "Bai029\Bai029.vcxproj", "{E385BA61-FCD5-4B1B-ADDF-10DEFFCDD1B1}"
EndProject
Project("{8BC9CEB8-8B4A-11D0-8D11-00A0C91BC942}") = "Bai030", "Bai030\Bai030.vcxproj", "{12FA3948-0F1E-447B-B634-A534B07AA1B0}"
EndProject
Project("{8BC9CEB8-8B4A-11D0-8D11-00A0C91BC942}") = "Bai061", "Bai061\Bai061.vcxproj", "{8F7E38E3-F946-4A18-A5CA-D703A509B794}"
EndProject
Project("{8BC9CEB8-8B4A-11D0-8D11-00A0C91BC942}") = "Bai062", "Bai062\Bai062.vcxproj", "{1B8A99DA-545A-451F-A053-0D185ADB2B0B}"
EndProject
Project("{8BC9CEB8-8B4A-11D0-8D11-00A0C91BC942}") = "Bai063", "Bai063\Bai063.vcxproj", "{7E02DDCD-8983-4564-A0B6-8ECB54789F76}"
EndProject
Project("{8BC9CEB8-8B4A-11D0-8D11-00A0C91BC942}") = "Bai064", "Bai064\Bai064.vcxproj", "{389566A9-CDB8-4FB5-97D7-7BB8A9A7F3EA}"
EndProject
Project("{8BC9CEB8-8B4A-11D0-8D11-00A0C91BC942}") = "Bai052", "Bai052\Bai052.vcxproj", "{1037297E-B43E-4834-A356-68CCD1152CCF}"
EndProject
Project("{8BC9CEB8-8B4A-11D0-8D11-00A0C91BC942}") = "Bai053", "Bai053\Bai053.vcxproj", "{5841A605-505E-4319-9982-EF6FACE28A3D}"
EndProject
Project("{8BC9CEB8-8B4A-11D0-8D11-00A0C91BC942}") = "Bai054", "Bai054\Bai054.vcxproj", "{DE440862-3B01-4F48-B17A-DE69FA4FFA8B}"
EndProject
Project("{8BC9CEB8-8B4A-11D0-8D11-00A0C91BC942}") = "Bai055", "Bai055\Bai055.vcxproj", "{76C1A107-2A09-496A-9FAF-55EBB7944223}"
EndProject
Project("{8BC9CEB8-8B4A-11D0-8D11-00A0C91BC942}") = "Bai056", "Bai056\Bai056.vcxproj", "{D550E354-E4ED-4F5A-86F4-ED639DBB3EFE}"
EndProject
Project("{8BC9CEB8-8B4A-11D0-8D11-00A0C91BC942}") = "Bai057", "Bai057\Bai057.vcxproj", "{DC52B735-D180-4B5C-B9A7-6906D9628895}"
EndProject
Project("{8BC9CEB8-8B4A-11D0-8D11-00A0C91BC942}") = "Bai058", "Bai058\Bai058.vcxproj", "{9179695F-505A-44B5-99E6-C7DEA9FE37A0}"
EndProject
Project("{8BC9CEB8-8B4A-11D0-8D11-00A0C91BC942}") = "Bai059", "Bai059\Bai059.vcxproj", "{521D625D-E69C-4EE3-B0E8-773709B75C4A}"
EndProject
Project("{8BC9CEB8-8B4A-11D0-8D11-00A0C91BC942}") = "Bai060", "Bai060\Bai060.vcxproj", "{B361904A-CDDC-41FC-9CC3-EF0F2B861A9C}"
EndProject
Project("{8BC9CEB8-8B4A-11D0-8D11-00A0C91BC942}") = "Bai065", "Bai065\Bai065.vcxproj", "{E6795E2B-263C-4971-AE7A-4BC30C76DE43}"
EndProject
Project("{8BC9CEB8-8B4A-11D0-8D11-00A0C91BC942}") = "Bai066", "Bai066\Bai066.vcxproj", "{0D2F6E94-5484-449D-B473-B088B6EF5DA1}"
EndProject
Project("{8BC9CEB8-8B4A-11D0-8D11-00A0C91BC942}") = "Bai067", "Bai067\Bai067.vcxproj", "{C9200DBB-991A-4547-939E-45A915B49582}"
EndProject
Project("{8BC9CEB8-8B4A-11D0-8D11-00A0C91BC942}") = "Bai068", "Bai068\Bai068.vcxproj", "{C2409B07-27D7-403F-901E-8797654D0804}"
EndProject
Project("{8BC9CEB8-8B4A-11D0-8D11-00A0C91BC942}") = "Bai069", "Bai069\Bai069.vcxproj", "{C4D901A9-6B61-4C16-A75C-B538F4B374C2}"
EndProject
Project("{8BC9CEB8-8B4A-11D0-8D11-00A0C91BC942}") = "Bai070", "Bai070\Bai070.vcxproj", "{11AF55B4-E2C7-4AC9-8B8D-5A5CF3BF184D}"
EndProject
Project("{8BC9CEB8-8B4A-11D0-8D11-00A0C91BC942}") = "Bai081", "Bai081\Bai081.vcxproj", "{257381CB-08F9-48AC-AACE-E915928385AE}"
EndProject
Project("{8BC9CEB8-8B4A-11D0-8D11-00A0C91BC942}") = "Bai082", "Bai082\Bai082.vcxproj", "{7715B458-E7DD-49D4-82CD-36C9B214AD6A}"
EndProject
Project("{8BC9CEB8-8B4A-11D0-8D11-00A0C91BC942}") = "Bai083", "Bai083\Bai083.vcxproj", "{5EA6629F-F5AD-4EF1-828A-079BC8DB66D8}"
EndProject
Project("{8BC9CEB8-8B4A-11D0-8D11-00A0C91BC942}") = "Bai084", "Bai084\Bai084.vcxproj", "{1CAE6C83-F168-4B73-952C-E1B73D8CE880}"
EndProject
Project("{8BC9CEB8-8B4A-11D0-8D11-00A0C91BC942}") = "Bai085", "Bai085\Bai085.vcxproj", "{115651C5-632E-4C32-9929-64C939FEA9FD}"
EndProject
Project("{8BC9CEB8-8B4A-11D0-8D11-00A0C91BC942}") = "Bai086", "Bai086\Bai086.vcxproj", "{810CE4A1-63C6-4B2E-98F6-CEC70E3E40EC}"
EndProject
Project("{8BC9CEB8-8B4A-11D0-8D11-00A0C91BC942}") = "Bai087", "Bai087\Bai087.vcxproj", "{A4B47B11-9547-4942-A5C5-3B54B24BB7FF}"
EndProject
Project("{8BC9CEB8-8B4A-11D0-8D11-00A0C91BC942}") = "Bai088", "Bai088\Bai088.vcxproj", "{53CE1D55-C100-46ED-BC3A-EDFC2CD69A9D}"
EndProject
Project("{8BC9CEB8-8B4A-11D0-8D11-00A0C91BC942}") = "Bai089", "Bai089\Bai089.vcxproj", "{27EFBE7C-E93F-4E92-96C9-43ECEA2058D3}"
EndProject
Project("{8BC9CEB8-8B4A-11D0-8D11-00A0C91BC942}") = "Bai090", "Bai090\Bai090.vcxproj", "{F5E7CF8A-6FA2-4F79-AAB1-E9F3925539D4}"
EndProject
Global
	GlobalSection(SolutionConfigurationPlatforms) = preSolution
		Debug|x64 = Debug|x64
		Debug|x86 = Debug|x86
		Release|x64 = Release|x64
		Release|x86 = Release|x86
	EndGlobalSection
	GlobalSection(ProjectConfigurationPlatforms) = postSolution
		{D5DD84A7-B98B-4058-8D4C-68122FFC3049}.Debug|x64.ActiveCfg = Debug|x64
		{D5DD84A7-B98B-4058-8D4C-68122FFC3049}.Debug|x64.Build.0 = Debug|x64
		{D5DD84A7-B98B-4058-8D4C-68122FFC3049}.Debug|x86.ActiveCfg = Debug|Win32
		{D5DD84A7-B98B-4058-8D4C-68122FFC3049}.Debug|x86.Build.0 = Debug|Win32
		{D5DD84A7-B98B-4058-8D4C-68122FFC3049}.Release|x64.ActiveCfg = Release|x64
		{D5DD84A7-B98B-4058-8D4C-68122FFC3049}.Release|x64.Build.0 = Release|x64
		{D5DD84A7-B98B-4058-8D4C-68122FFC3049}.Release|x86.ActiveCfg = Release|Win32
		{D5DD84A7-B98B-4058-8D4C-68122FFC3049}.Release|x86.Build.0 = Release|Win32
		{329723F2-4CE4-4305-956A-2545D5EB8782}.Debug|x64.ActiveCfg = Debug|x64
		{329723F2-4CE4-4305-956A-2545D5EB8782}.Debug|x64.Build.0 = Debug|x64
		{329723F2-4CE4-4305-956A-2545D5EB8782}.Debug|x86.ActiveCfg = Debug|Win32
		{329723F2-4CE4-4305-956A-2545D5EB8782}.Debug|x86.Build.0 = Debug|Win32
		{329723F2-4CE4-4305-956A-2545D5EB8782}.Release|x64.ActiveCfg = Release|x64
		{329723F2-4CE4-4305-956A-2545D5EB8782}.Release|x64.Build.0 = Release|x64
		{329723F2-4CE4-4305-956A-2545D5EB8782}.Release|x86.ActiveCfg = Release|Win32
		{329723F2-4CE4-4305-956A-2545D5EB8782}.Release|x86.Build.0 = Release|Win32
		{F190E2F6-1749-4897-A518-0D60F908F8BE}.Debug|x64.ActiveCfg = Debug|x64
		{F190E2F6-1749-4897-A518-0D60F908F8BE}.Debug|x64.Build.0 = Debug|x64
		{F190E2F6-1749-4897-A518-0D60F908F8BE}.Debug|x86.ActiveCfg = Debug|Win32
		{F190E2F6-1749-4897-A518-0D60F908F8BE}.Debug|x86.Build.0 = Debug|Win32
		{F190E2F6-1749-4897-A518-0D60F908F8BE}.Release|x64.ActiveCfg = Release|x64
		{F190E2F6-1749-4897-A518-0D60F908F8BE}.Release|x64.Build.0 = Release|x64
		{F190E2F6-1749-4897-A518-0D60F908F8BE}.Release|x86.ActiveCfg = Release|Win32
		{F190E2F6-1749-4897-A518-0D60F908F8BE}.Release|x86.Build.0 = Release|Win32
		{04996BCB-E7C7-41D3-A294-E2B643F0424F}.Debug|x64.ActiveCfg = Debug|x64
		{04996BCB-E7C7-41D3-A294-E2B643F0424F}.Debug|x64.Build.0 = Debug|x64
		{04996BCB-E7C7-41D3-A294-E2B643F0424F}.Debug|x86.ActiveCfg = Debug|Win32
		{04996BCB-E7C7-41D3-A294-E2B643F0424F}.Debug|x86.Build.0 = Debug|Win32
		{04996BCB-E7C7-41D3-A294-E2B643F0424F}.Release|x64.ActiveCfg = Release|x64
		{04996BCB-E7C7-41D3-A294-E2B643F0424F}.Release|x64.Build.0 = Release|x64
		{04996BCB-E7C7-41D3-A294-E2B643F0424F}.Release|x86.ActiveCfg = Release|Win32
		{04996BCB-E7C7-41D3-A294-E2B643F0424F}.Release|x86.Build.0 = Release|Win32
		{E3E26388-D417-422F-8A51-D7D037FD12F9}.Debug|x64.ActiveCfg = Debug|x64
		{E3E26388-D417-422F-8A51-D7D037FD12F9}.Debug|x64.Build.0 = Debug|x64
		{E3E26388-D417-422F-8A51-D7D037FD12F9}.Debug|x86.ActiveCfg = Debug|Win32
		{E3E26388-D417-422F-8A51-D7D037FD12F9}.Debug|x86.Build.0 = Debug|Win32
		{E3E26388-D417-422F-8A51-D7D037FD12F9}.Release|x64.ActiveCfg = Release|x64
		{E3E26388-D417-422F-8A51-D7D037FD12F9}.Release|x64.Build.0 = Release|x64
		{E3E26388-D417-422F-8A51-D7D037FD12F9}.Release|x86.ActiveCfg = Release|Win32
		{E3E26388-D417-422F-8A51-D7D037FD12F9}.Release|x86.Build.0 = Release|Win32
		{D4C68BD6-2781-44D4-BB33-65817FB3AA0B}.Debug|x64.ActiveCfg = Debug|x64
		{D4C68BD6-2781-44D4-BB33-65817FB3AA0B}.Debug|x64.Build.0 = Debug|x64
		{D4C68BD6-2781-44D4-BB33-65817FB3AA0B}.Debug|x86.ActiveCfg = Debug|Win32
		{D4C68BD6-2781-44D4-BB33-65817FB3AA0B}.Debug|x86.Build.0 = Debug|Win32
		{D4C68BD6-2781-44D4-BB33-65817FB3AA0B}.Release|x64.ActiveCfg = Release|x64
		{D4C68BD6-2781-44D4-BB33-65817FB3AA0B}.Release|x64.Build.0 = Release|x64
		{D4C68BD6-2781-44D4-BB33-65817FB3AA0B}.Release|x86.ActiveCfg = Release|Win32
		{D4C68BD6-2781-44D4-BB33-65817FB3AA0B}.Release|x86.Build.0 = Release|Win32
		{3F0F26B1-2B58-445B-8FC9-C18FFE806C44}.Debug|x64.ActiveCfg = Debug|x64
		{3F0F26B1-2B58-445B-8FC9-C18FFE806C44}.Debug|x64.Build.0 = Debug|x64
		{3F0F26B1-2B58-445B-8FC9-C18FFE806C44}.Debug|x86.ActiveCfg = Debug|Win32
		{3F0F26B1-2B58-445B-8FC9-C18FFE806C44}.Debug|x86.Build.0 = Debug|Win32
		{3F0F26B1-2B58-445B-8FC9-C18FFE806C44}.Release|x64.ActiveCfg = Release|x64
		{3F0F26B1-2B58-445B-8FC9-C18FFE806C44}.Release|x64.Build.0 = Release|x64
		{3F0F26B1-2B58-445B-8FC9-C18FFE806C44}.Release|x86.ActiveCfg = Release|Win32
		{3F0F26B1-2B58-445B-8FC9-C18FFE806C44}.Release|x86.Build.0 = Release|Win32
		{7063CBAF-C3CB-4ABC-95CB-EE076614ECCA}.Debug|x64.ActiveCfg = Debug|x64
		{7063CBAF-C3CB-4ABC-95CB-EE076614ECCA}.Debug|x64.Build.0 = Debug|x64
		{7063CBAF-C3CB-4ABC-95CB-EE076614ECCA}.Debug|x86.ActiveCfg = Debug|Win32
		{7063CBAF-C3CB-4ABC-95CB-EE076614ECCA}.Debug|x86.Build.0 = Debug|Win32
		{7063CBAF-C3CB-4ABC-95CB-EE076614ECCA}.Release|x64.ActiveCfg = Release|x64
		{7063CBAF-C3CB-4ABC-95CB-EE076614ECCA}.Release|x64.Build.0 = Release|x64
		{7063CBAF-C3CB-4ABC-95CB-EE076614ECCA}.Release|x86.ActiveCfg = Release|Win32
		{7063CBAF-C3CB-4ABC-95CB-EE076614ECCA}.Release|x86.Build.0 = Release|Win32
		{B3711A14-EC62-4586-A07A-70D2E7286775}.Debug|x64.ActiveCfg = Debug|x64
		{B3711A14-EC62-4586-A07A-70D2E7286775}.Debug|x64.Build.0 = Debug|x64
		{B3711A14-EC62-4586-A07A-70D2E7286775}.Debug|x86.ActiveCfg = Debug|Win32
		{B3711A14-EC62-4586-A07A-70D2E7286775}.Debug|x86.Build.0 = Debug|Win32
		{B3711A14-EC62-4586-A07A-70D2E7286775}.Release|x64.ActiveCfg = Release|x64
		{B3711A14-EC62-4586-A07A-70D2E7286775}.Release|x64.Build.0 = Release|x64
		{B3711A14-EC62-4586-A07A-70D2E7286775}.Release|x86.ActiveCfg = Release|Win32
		{B3711A14-EC62-4586-A07A-70D2E7286775}.Release|x86.Build.0 = Release|Win32
		{92133814-0A21-4C1B-90A9-3DDB2C61DE2E}.Debug|x64.ActiveCfg = Debug|x64
		{92133814-0A21-4C1B-90A9-3DDB2C61DE2E}.Debug|x64.Build.0 = Debug|x64
		{92133814-0A21-4C1B-90A9-3DDB2C61DE2E}.Debug|x86.ActiveCfg = Debug|Win32
		{92133814-0A21-4C1B-90A9-3DDB2C61DE2E}.Debug|x86.Build.0 = Debug|Win32
		{92133814-0A21-4C1B-90A9-3DDB2C61DE2E}.Release|x64.ActiveCfg = Release|x64
		{92133814-0A21-4C1B-90A9-3DDB2C61DE2E}.Release|x64.Build.0 = Release|x64
		{92133814-0A21-4C1B-90A9-3DDB2C61DE2E}.Release|x86.ActiveCfg = Release|Win32
		{92133814-0A21-4C1B-90A9-3DDB2C61DE2E}.Release|x86.Build.0 = Release|Win32
		{3008CFCE-4952-4416-945B-1D49076DE6D1}.Debug|x64.ActiveCfg = Debug|x64
		{3008CFCE-4952-4416-945B-1D49076DE6D1}.Debug|x64.Build.0 = Debug|x64
		{3008CFCE-4952-4416-945B-1D49076DE6D1}.Debug|x86.ActiveCfg = Debug|Win32
		{3008CFCE-4952-4416-945B-1D49076DE6D1}.Debug|x86.Build.0 = Debug|Win32
		{3008CFCE-4952-4416-945B-1D49076DE6D1}.Release|x64.ActiveCfg = Release|x64
		{3008CFCE-4952-4416-945B-1D49076DE6D1}.Release|x64.Build.0 = Release|x64
		{3008CFCE-4952-4416-945B-1D49076DE6D1}.Release|x86.ActiveCfg = Release|Win32
		{3008CFCE-4952-4416-945B-1D49076DE6D1}.Release|x86.Build.0 = Release|Win32
		{E618F8AE-31E6-44E7-AC5F-7BA4A0554BA3}.Debug|x64.ActiveCfg = Debug|x64
		{E618F8AE-31E6-44E7-AC5F-7BA4A0554BA3}.Debug|x64.Build.0 = Debug|x64
		{E618F8AE-31E6-44E7-AC5F-7BA4A0554BA3}.Debug|x86.ActiveCfg = Debug|Win32
		{E618F8AE-31E6-44E7-AC5F-7BA4A0554BA3}.Debug|x86.Build.0 = Debug|Win32
		{E618F8AE-31E6-44E7-AC5F-7BA4A0554BA3}.Release|x64.ActiveCfg = Release|x64
		{E618F8AE-31E6-44E7-AC5F-7BA4A0554BA3}.Release|x64.Build.0 = Release|x64
		{E618F8AE-31E6-44E7-AC5F-7BA4A0554BA3}.Release|x86.ActiveCfg = Release|Win32
		{E618F8AE-31E6-44E7-AC5F-7BA4A0554BA3}.Release|x86.Build.0 = Release|Win32
		{4168A020-D4C3-49CA-8B56-ED372651CC3A}.Debug|x64.ActiveCfg = Debug|x64
		{4168A020-D4C3-49CA-8B56-ED372651CC3A}.Debug|x64.Build.0 = Debug|x64
		{4168A020-D4C3-49CA-8B56-ED372651CC3A}.Debug|x86.ActiveCfg = Debug|Win32
		{4168A020-D4C3-49CA-8B56-ED372651CC3A}.Debug|x86.Build.0 = Debug|Win32
		{4168A020-D4C3-49CA-8B56-ED372651CC3A}.Release|x64.ActiveCfg = Release|x64
		{4168A020-D4C3-49CA-8B56-ED372651CC3A}.Release|x64.Build.0 = Release|x64
		{4168A020-D4C3-49CA-8B56-ED372651CC3A}.Release|x86.ActiveCfg = Release|Win32
		{4168A020-D4C3-49CA-8B56-ED372651CC3A}.Release|x86.Build.0 = Release|Win32
		{53F41B82-48D2-4F2C-80C8-F41D21B2338A}.Debug|x64.ActiveCfg = Debug|x64
		{53F41B82-48D2-4F2C-80C8-F41D21B2338A}.Debug|x64.Build.0 = Debug|x64
		{53F41B82-48D2-4F2C-80C8-F41D21B2338A}.Debug|x86.ActiveCfg = Debug|Win32
		{53F41B82-48D2-4F2C-80C8-F41D21B2338A}.Debug|x86.Build.0 = Debug|Win32
		{53F41B82-48D2-4F2C-80C8-F41D21B2338A}.Release|x64.ActiveCfg = Release|x64
		{53F41B82-48D2-4F2C-80C8-F41D21B2338A}.Release|x64.Build.0 = Release|x64
		{53F41B82-48D2-4F2C-80C8-F41D21B2338A}.Release|x86.ActiveCfg = Release|Win32
		{53F41B82-48D2-4F2C-80C8-F41D21B2338A}.Release|x86.Build.0 = Release|Win32
		{68A0980D-AAD2-4326-B9CF-0D9EEC2B6888}.Debug|x64.ActiveCfg = Debug|x64
		{68A0980D-AAD2-4326-B9CF-0D9EEC2B6888}.Debug|x64.Build.0 = Debug|x64
		{68A0980D-AAD2-4326-B9CF-0D9EEC2B6888}.Debug|x86.ActiveCfg = Debug|Win32
		{68A0980D-AAD2-4326-B9CF-0D9EEC2B6888}.Debug|x86.Build.0 = Debug|Win32
		{68A0980D-AAD2-4326-B9CF-0D9EEC2B6888}.Release|x64.ActiveCfg = Release|x64
		{68A0980D-AAD2-4326-B9CF-0D9EEC2B6888}.Release|x64.Build.0 = Release|x64
		{68A0980D-AAD2-4326-B9CF-0D9EEC2B6888}.Release|x86.ActiveCfg = Release|Win32
		{68A0980D-AAD2-4326-B9CF-0D9EEC2B6888}.Release|x86.Build.0 = Release|Win32
		{808E68D9-9D87-46D2-8C9B-F27A7E8D07CC}.Debug|x64.ActiveCfg = Debug|x64
		{808E68D9-9D87-46D2-8C9B-F27A7E8D07CC}.Debug|x64.Build.0 = Debug|x64
		{808E68D9-9D87-46D2-8C9B-F27A7E8D07CC}.Debug|x86.ActiveCfg = Debug|Win32
		{808E68D9-9D87-46D2-8C9B-F27A7E8D07CC}.Debug|x86.Build.0 = Debug|Win32
		{808E68D9-9D87-46D2-8C9B-F27A7E8D07CC}.Release|x64.ActiveCfg = Release|x64
		{808E68D9-9D87-46D2-8C9B-F27A7E8D07CC}.Release|x64.Build.0 = Release|x64
		{808E68D9-9D87-46D2-8C9B-F27A7E8D07CC}.Release|x86.ActiveCfg = Release|Win32
		{808E68D9-9D87-46D2-8C9B-F27A7E8D07CC}.Release|x86.Build.0 = Release|Win32
		{FAB3C55D-CA2C-48C8-896F-891BC9143613}.Debug|x64.ActiveCfg = Debug|x64
		{FAB3C55D-CA2C-48C8-896F-891BC9143613}.Debug|x64.Build.0 = Debug|x64
		{FAB3C55D-CA2C-48C8-896F-891BC9143613}.Debug|x86.ActiveCfg = Debug|Win32
		{FAB3C55D-CA2C-48C8-896F-891BC9143613}.Debug|x86.Build.0 = Debug|Win32
		{FAB3C55D-CA2C-48C8-896F-891BC9143613}.Release|x64.ActiveCfg = Release|x64
		{FAB3C55D-CA2C-48C8-896F-891BC9143613}.Release|x64.Build.0 = Release|x64
		{FAB3C55D-CA2C-48C8-896F-891BC9143613}.Release|x86.ActiveCfg = Release|Win32
		{FAB3C55D-CA2C-48C8-896F-891BC9143613}.Release|x86.Build.0 = Release|Win32
		{9AB1D361-BF10-47F7-A1AC-91667EA1B725}.Debug|x64.ActiveCfg = Debug|x64
		{9AB1D361-BF10-47F7-A1AC-91667EA1B725}.Debug|x64.Build.0 = Debug|x64
		{9AB1D361-BF10-47F7-A1AC-91667EA1B725}.Debug|x86.ActiveCfg = Debug|Win32
		{9AB1D361-BF10-47F7-A1AC-91667EA1B725}.Debug|x86.Build.0 = Debug|Win32
		{9AB1D361-BF10-47F7-A1AC-91667EA1B725}.Release|x64.ActiveCfg = Release|x64
		{9AB1D361-BF10-47F7-A1AC-91667EA1B725}.Release|x64.Build.0 = Release|x64
		{9AB1D361-BF10-47F7-A1AC-91667EA1B725}.Release|x86.ActiveCfg = Release|Win32
		{9AB1D361-BF10-47F7-A1AC-91667EA1B725}.Release|x86.Build.0 = Release|Win32
		{F8D7F768-8931-4B7B-92FB-9B7A97366817}.Debug|x64.ActiveCfg = Debug|x64
		{F8D7F768-8931-4B7B-92FB-9B7A97366817}.Debug|x64.Build.0 = Debug|x64
		{F8D7F768-8931-4B7B-92FB-9B7A97366817}.Debug|x86.ActiveCfg = Debug|Win32
		{F8D7F768-8931-4B7B-92FB-9B7A97366817}.Debug|x86.Build.0 = Debug|Win32
		{F8D7F768-8931-4B7B-92FB-9B7A97366817}.Release|x64.ActiveCfg = Release|x64
		{F8D7F768-8931-4B7B-92FB-9B7A97366817}.Release|x64.Build.0 = Release|x64
		{F8D7F768-8931-4B7B-92FB-9B7A97366817}.Release|x86.ActiveCfg = Release|Win32
		{F8D7F768-8931-4B7B-92FB-9B7A97366817}.Release|x86.Build.0 = Release|Win32
		{065815D8-24ED-43A5-B06B-311C2CB95F9B}.Debug|x64.ActiveCfg = Debug|x64
		{065815D8-24ED-43A5-B06B-311C2CB95F9B}.Debug|x64.Build.0 = Debug|x64
		{065815D8-24ED-43A5-B06B-311C2CB95F9B}.Debug|x86.ActiveCfg = Debug|Win32
		{065815D8-24ED-43A5-B06B-311C2CB95F9B}.Debug|x86.Build.0 = Debug|Win32
		{065815D8-24ED-43A5-B06B-311C2CB95F9B}.Release|x64.ActiveCfg = Release|x64
		{065815D8-24ED-43A5-B06B-311C2CB95F9B}.Release|x64.Build.0 = Release|x64
		{065815D8-24ED-43A5-B06B-311C2CB95F9B}.Release|x86.ActiveCfg = Release|Win32
		{065815D8-24ED-43A5-B06B-311C2CB95F9B}.Release|x86.Build.0 = Release|Win32
		{AB38C895-6072-4378-8878-B3756D593A3F}.Debug|x64.ActiveCfg = Debug|x64
		{AB38C895-6072-4378-8878-B3756D593A3F}.Debug|x64.Build.0 = Debug|x64
		{AB38C895-6072-4378-8878-B3756D593A3F}.Debug|x86.ActiveCfg = Debug|Win32
		{AB38C895-6072-4378-8878-B3756D593A3F}.Debug|x86.Build.0 = Debug|Win32
		{AB38C895-6072-4378-8878-B3756D593A3F}.Release|x64.ActiveCfg = Release|x64
		{AB38C895-6072-4378-8878-B3756D593A3F}.Release|x64.Build.0 = Release|x64
		{AB38C895-6072-4378-8878-B3756D593A3F}.Release|x86.ActiveCfg = Release|Win32
		{AB38C895-6072-4378-8878-B3756D593A3F}.Release|x86.Build.0 = Release|Win32
		{C618F336-6266-4B5D-AC02-AB82074F94E8}.Debug|x64.ActiveCfg = Debug|x64
		{C618F336-6266-4B5D-AC02-AB82074F94E8}.Debug|x64.Build.0 = Debug|x64
		{C618F336-6266-4B5D-AC02-AB82074F94E8}.Debug|x86.ActiveCfg = Debug|Win32
		{C618F336-6266-4B5D-AC02-AB82074F94E8}.Debug|x86.Build.0 = Debug|Win32
		{C618F336-6266-4B5D-AC02-AB82074F94E8}.Release|x64.ActiveCfg = Release|x64
		{C618F336-6266-4B5D-AC02-AB82074F94E8}.Release|x64.Build.0 = Release|x64
		{C618F336-6266-4B5D-AC02-AB82074F94E8}.Release|x86.ActiveCfg = Release|Win32
		{C618F336-6266-4B5D-AC02-AB82074F94E8}.Release|x86.Build.0 = Release|Win32
		{6516695F-5981-4B86-9EF6-2A0225B53C81}.Debug|x64.ActiveCfg = Debug|x64
		{6516695F-5981-4B86-9EF6-2A0225B53C81}.Debug|x64.Build.0 = Debug|x64
		{6516695F-5981-4B86-9EF6-2A0225B53C81}.Debug|x86.ActiveCfg = Debug|Win32
		{6516695F-5981-4B86-9EF6-2A0225B53C81}.Debug|x86.Build.0 = Debug|Win32
		{6516695F-5981-4B86-9EF6-2A0225B53C81}.Release|x64.ActiveCfg = Release|x64
		{6516695F-5981-4B86-9EF6-2A0225B53C81}.Release|x64.Build.0 = Release|x64
		{6516695F-5981-4B86-9EF6-2A0225B53C81}.Release|x86.ActiveCfg = Release|Win32
		{6516695F-5981-4B86-9EF6-2A0225B53C81}.Release|x86.Build.0 = Release|Win32
		{7C334451-25CD-4A3B-95C3-5290A6A9AF8B}.Debug|x64.ActiveCfg = Debug|x64
		{7C334451-25CD-4A3B-95C3-5290A6A9AF8B}.Debug|x64.Build.0 = Debug|x64
		{7C334451-25CD-4A3B-95C3-5290A6A9AF8B}.Debug|x86.ActiveCfg = Debug|Win32
		{7C334451-25CD-4A3B-95C3-5290A6A9AF8B}.Debug|x86.Build.0 = Debug|Win32
		{7C334451-25CD-4A3B-95C3-5290A6A9AF8B}.Release|x64.ActiveCfg = Release|x64
		{7C334451-25CD-4A3B-95C3-5290A6A9AF8B}.Release|x64.Build.0 = Release|x64
		{7C334451-25CD-4A3B-95C3-5290A6A9AF8B}.Release|x86.ActiveCfg = Release|Win32
		{7C334451-25CD-4A3B-95C3-5290A6A9AF8B}.Release|x86.Build.0 = Release|Win32
		{ECFB6DEE-FACC-486C-81AE-FD78557B403B}.Debug|x64.ActiveCfg = Debug|x64
		{ECFB6DEE-FACC-486C-81AE-FD78557B403B}.Debug|x64.Build.0 = Debug|x64
		{ECFB6DEE-FACC-486C-81AE-FD78557B403B}.Debug|x86.ActiveCfg = Debug|Win32
		{ECFB6DEE-FACC-486C-81AE-FD78557B403B}.Debug|x86.Build.0 = Debug|Win32
		{ECFB6DEE-FACC-486C-81AE-FD78557B403B}.Release|x64.ActiveCfg = Release|x64
		{ECFB6DEE-FACC-486C-81AE-FD78557B403B}.Release|x64.Build.0 = Release|x64
		{ECFB6DEE-FACC-486C-81AE-FD78557B403B}.Release|x86.ActiveCfg = Release|Win32
		{ECFB6DEE-FACC-486C-81AE-FD78557B403B}.Release|x86.Build.0 = Release|Win32
		{74C1C069-76C3-4339-B765-F8F49ECE1F05}.Debug|x64.ActiveCfg = Debug|x64
		{74C1C069-76C3-4339-B765-F8F49ECE1F05}.Debug|x64.Build.0 = Debug|x64
		{74C1C069-76C3-4339-B765-F8F49ECE1F05}.Debug|x86.ActiveCfg = Debug|Win32
		{74C1C069-76C3-4339-B765-F8F49ECE1F05}.Debug|x86.Build.0 = Debug|Win32
		{74C1C069-76C3-4339-B765-F8F49ECE1F05}.Release|x64.ActiveCfg = Release|x64
		{74C1C069-76C3-4339-B765-F8F49ECE1F05}.Release|x64.Build.0 = Release|x64
		{74C1C069-76C3-4339-B765-F8F49ECE1F05}.Release|x86.ActiveCfg = Release|Win32
		{74C1C069-76C3-4339-B765-F8F49ECE1F05}.Release|x86.Build.0 = Release|Win32
		{F597A5E0-0C88-41BE-959B-88687FDB61EA}.Debug|x64.ActiveCfg = Debug|x64
		{F597A5E0-0C88-41BE-959B-88687FDB61EA}.Debug|x64.Build.0 = Debug|x64
		{F597A5E0-0C88-41BE-959B-88687FDB61EA}.Debug|x86.ActiveCfg = Debug|Win32
		{F597A5E0-0C88-41BE-959B-88687FDB61EA}.Debug|x86.Build.0 = Debug|Win32
		{F597A5E0-0C88-41BE-959B-88687FDB61EA}.Release|x64.ActiveCfg = Release|x64
		{F597A5E0-0C88-41BE-959B-88687FDB61EA}.Release|x64.Build.0 = Release|x64
		{F597A5E0-0C88-41BE-959B-88687FDB61EA}.Release|x86.ActiveCfg = Release|Win32
		{F597A5E0-0C88-41BE-959B-88687FDB61EA}.Release|x86.Build.0 = Release|Win32
		{A2E6F388-3040-4A62-A8EC-3155C061E5BD}.Debug|x64.ActiveCfg = Debug|x64
		{A2E6F388-3040-4A62-A8EC-3155C061E5BD}.Debug|x64.Build.0 = Debug|x64
		{A2E6F388-3040-4A62-A8EC-3155C061E5BD}.Debug|x86.ActiveCfg = Debug|Win32
		{A2E6F388-3040-4A62-A8EC-3155C061E5BD}.Debug|x86.Build.0 = Debug|Win32
		{A2E6F388-3040-4A62-A8EC-3155C061E5BD}.Release|x64.ActiveCfg = Release|x64
		{A2E6F388-3040-4A62-A8EC-3155C061E5BD}.Release|x64.Build.0 = Release|x64
		{A2E6F388-3040-4A62-A8EC-3155C061E5BD}.Release|x86.ActiveCfg = Release|Win32
		{A2E6F388-3040-4A62-A8EC-3155C061E5BD}.Release|x86.Build.0 = Release|Win32
		{58A109E6-C124-4EE8-B0A2-D21BE8EAC2E9}.Debug|x64.ActiveCfg = Debug|x64
		{58A109E6-C124-4EE8-B0A2-D21BE8EAC2E9}.Debug|x64.Build.0 = Debug|x64
		{58A109E6-C124-4EE8-B0A2-D21BE8EAC2E9}.Debug|x86.ActiveCfg = Debug|Win32
		{58A109E6-C124-4EE8-B0A2-D21BE8EAC2E9}.Debug|x86.Build.0 = Debug|Win32
		{58A109E6-C124-4EE8-B0A2-D21BE8EAC2E9}.Release|x64.ActiveCfg = Release|x64
		{58A109E6-C124-4EE8-B0A2-D21BE8EAC2E9}.Release|x64.Build.0 = Release|x64
		{58A109E6-C124-4EE8-B0A2-D21BE8EAC2E9}.Release|x86.ActiveCfg = Release|Win32
		{58A109E6-C124-4EE8-B0A2-D21BE8EAC2E9}.Release|x86.Build.0 = Release|Win32
		{1219AE80-D1C6-4335-B35D-7D6EFF21A941}.Debug|x64.ActiveCfg = Debug|x64
		{1219AE80-D1C6-4335-B35D-7D6EFF21A941}.Debug|x64.Build.0 = Debug|x64
		{1219AE80-D1C6-4335-B35D-7D6EFF21A941}.Debug|x86.ActiveCfg = Debug|Win32
		{1219AE80-D1C6-4335-B35D-7D6EFF21A941}.Debug|x86.Build.0 = Debug|Win32
		{1219AE80-D1C6-4335-B35D-7D6EFF21A941}.Release|x64.ActiveCfg = Release|x64
		{1219AE80-D1C6-4335-B35D-7D6EFF21A941}.Release|x64.Build.0 = Release|x64
		{1219AE80-D1C6-4335-B35D-7D6EFF21A941}.Release|x86.ActiveCfg = Release|Win32
		{1219AE80-D1C6-4335-B35D-7D6EFF21A941}.Release|x86.Build.0 = Release|Win32
		{DE236FDC-26A8-421E-A94A-BDF67A17CF15}.Debug|x64.ActiveCfg = Debug|x64
		{DE236FDC-26A8-421E-A94A-BDF67A17CF15}.Debug|x64.Build.0 = Debug|x64
		{DE236FDC-26A8-421E-A94A-BDF67A17CF15}.Debug|x86.ActiveCfg = Debug|Win32
		{DE236FDC-26A8-421E-A94A-BDF67A17CF15}.Debug|x86.Build.0 = Debug|Win32
		{DE236FDC-26A8-421E-A94A-BDF67A17CF15}.Release|x64.ActiveCfg = Release|x64
		{DE236FDC-26A8-421E-A94A-BDF67A17CF15}.Release|x64.Build.0 = Release|x64
		{DE236FDC-26A8-421E-A94A-BDF67A17CF15}.Release|x86.ActiveCfg = Release|Win32
		{DE236FDC-26A8-421E-A94A-BDF67A17CF15}.Release|x86.Build.0 = Release|Win32
		{EA06C3F6-37D3-43C9-80A4-95C9C13DE0DA}.Debug|x64.ActiveCfg = Debug|x64
		{EA06C3F6-37D3-43C9-80A4-95C9C13DE0DA}.Debug|x64.Build.0 = Debug|x64
		{EA06C3F6-37D3-43C9-80A4-95C9C13DE0DA}.Debug|x86.ActiveCfg = Debug|Win32
		{EA06C3F6-37D3-43C9-80A4-95C9C13DE0DA}.Debug|x86.Build.0 = Debug|Win32
		{EA06C3F6-37D3-43C9-80A4-95C9C13DE0DA}.Release|x64.ActiveCfg = Release|x64
		{EA06C3F6-37D3-43C9-80A4-95C9C13DE0DA}.Release|x64.Build.0 = Release|x64
		{EA06C3F6-37D3-43C9-80A4-95C9C13DE0DA}.Release|x86.ActiveCfg = Release|Win32
		{EA06C3F6-37D3-43C9-80A4-95C9C13DE0DA}.Release|x86.Build.0 = Release|Win32
		{3E2ABD7D-F5D7-4103-A4F6-E3EAA5EAC944}.Debug|x64.ActiveCfg = Debug|x64
		{3E2ABD7D-F5D7-4103-A4F6-E3EAA5EAC944}.Debug|x64.Build.0 = Debug|x64
		{3E2ABD7D-F5D7-4103-A4F6-E3EAA5EAC944}.Debug|x86.ActiveCfg = Debug|Win32
		{3E2ABD7D-F5D7-4103-A4F6-E3EAA5EAC944}.Debug|x86.Build.0 = Debug|Win32
		{3E2ABD7D-F5D7-4103-A4F6-E3EAA5EAC944}.Release|x64.ActiveCfg = Release|x64
		{3E2ABD7D-F5D7-4103-A4F6-E3EAA5EAC944}.Release|x64.Build.0 = Release|x64
		{3E2ABD7D-F5D7-4103-A4F6-E3EAA5EAC944}.Release|x86.ActiveCfg = Release|Win32
		{3E2ABD7D-F5D7-4103-A4F6-E3EAA5EAC944}.Release|x86.Build.0 = Release|Win32
		{9B27C2C7-9BA2-4FF6-B85E-8889209CC615}.Debug|x64.ActiveCfg = Debug|x64
		{9B27C2C7-9BA2-4FF6-B85E-8889209CC615}.Debug|x64.Build.0 = Debug|x64
		{9B27C2C7-9BA2-4FF6-B85E-8889209CC615}.Debug|x86.ActiveCfg = Debug|Win32
		{9B27C2C7-9BA2-4FF6-B85E-8889209CC615}.Debug|x86.Build.0 = Debug|Win32
		{9B27C2C7-9BA2-4FF6-B85E-8889209CC615}.Release|x64.ActiveCfg = Release|x64
		{9B27C2C7-9BA2-4FF6-B85E-8889209CC615}.Release|x64.Build.0 = Release|x64
		{9B27C2C7-9BA2-4FF6-B85E-8889209CC615}.Release|x86.ActiveCfg = Release|Win32
		{9B27C2C7-9BA2-4FF6-B85E-8889209CC615}.Release|x86.Build.0 = Release|Win32
		{CEC8DCD2-3E79-459F-99D7-BA0ED868B95C}.Debug|x64.ActiveCfg = Debug|x64
		{CEC8DCD2-3E79-459F-99D7-BA0ED868B95C}.Debug|x64.Build.0 = Debug|x64
		{CEC8DCD2-3E79-459F-99D7-BA0ED868B95C}.Debug|x86.ActiveCfg = Debug|Win32
		{CEC8DCD2-3E79-459F-99D7-BA0ED868B95C}.Debug|x86.Build.0 = Debug|Win32
		{CEC8DCD2-3E79-459F-99D7-BA0ED868B95C}.Release|x64.ActiveCfg = Release|x64
		{CEC8DCD2-3E79-459F-99D7-BA0ED868B95C}.Release|x64.Build.0 = Release|x64
		{CEC8DCD2-3E79-459F-99D7-BA0ED868B95C}.Release|x86.ActiveCfg = Release|Win32
		{CEC8DCD2-3E79-459F-99D7-BA0ED868B95C}.Release|x86.Build.0 = Release|Win32
		{FFCC8DDC-9398-4D91-8C12-EC202902AEB3}.Debug|x64.ActiveCfg = Debug|x64
		{FFCC8DDC-9398-4D91-8C12-EC202902AEB3}.Debug|x64.Build.0 = Debug|x64
		{FFCC8DDC-9398-4D91-8C12-EC202902AEB3}.Debug|x86.ActiveCfg = Debug|Win32
		{FFCC8DDC-9398-4D91-8C12-EC202902AEB3}.Debug|x86.Build.0 = Debug|Win32
		{FFCC8DDC-9398-4D91-8C12-EC202902AEB3}.Release|x64.ActiveCfg = Release|x64
		{FFCC8DDC-9398-4D91-8C12-EC202902AEB3}.Release|x64.Build.0 = Release|x64
		{FFCC8DDC-9398-4D91-8C12-EC202902AEB3}.Release|x86.ActiveCfg = Release|Win32
		{FFCC8DDC-9398-4D91-8C12-EC202902AEB3}.Release|x86.Build.0 = Release|Win32
		{0C76FBD2-279B-4DC2-8B53-7C0A3581A3C8}.Debug|x64.ActiveCfg = Debug|x64
		{0C76FBD2-279B-4DC2-8B53-7C0A3581A3C8}.Debug|x64.Build.0 = Debug|x64
		{0C76FBD2-279B-4DC2-8B53-7C0A3581A3C8}.Debug|x86.ActiveCfg = Debug|Win32
		{0C76FBD2-279B-4DC2-8B53-7C0A3581A3C8}.Debug|x86.Build.0 = Debug|Win32
		{0C76FBD2-279B-4DC2-8B53-7C0A3581A3C8}.Release|x64.ActiveCfg = Release|x64
		{0C76FBD2-279B-4DC2-8B53-7C0A3581A3C8}.Release|x64.Build.0 = Release|x64
		{0C76FBD2-279B-4DC2-8B53-7C0A3581A3C8}.Release|x86.ActiveCfg = Release|Win32
		{0C76FBD2-279B-4DC2-8B53-7C0A3581A3C8}.Release|x86.Build.0 = Release|Win32
		{6C8D4413-AE64-4980-B208-8CB3F4041AF7}.Debug|x64.ActiveCfg = Debug|x64
		{6C8D4413-AE64-4980-B208-8CB3F4041AF7}.Debug|x64.Build.0 = Debug|x64
		{6C8D4413-AE64-4980-B208-8CB3F4041AF7}.Debug|x86.ActiveCfg = Debug|Win32
		{6C8D4413-AE64-4980-B208-8CB3F4041AF7}.Debug|x86.Build.0 = Debug|Win32
		{6C8D4413-AE64-4980-B208-8CB3F4041AF7}.Release|x64.ActiveCfg = Release|x64
		{6C8D4413-AE64-4980-B208-8CB3F4041AF7}.Release|x64.Build.0 = Release|x64
		{6C8D4413-AE64-4980-B208-8CB3F4041AF7}.Release|x86.ActiveCfg = Release|Win32
		{6C8D4413-AE64-4980-B208-8CB3F4041AF7}.Release|x86.Build.0 = Release|Win32
		{6D9C3A96-6CC6-4B9E-89CD-30FFA8A402D5}.Debug|x64.ActiveCfg = Debug|x64
		{6D9C3A96-6CC6-4B9E-89CD-30FFA8A402D5}.Debug|x64.Build.0 = Debug|x64
		{6D9C3A96-6CC6-4B9E-89CD-30FFA8A402D5}.Debug|x86.ActiveCfg = Debug|Win32
		{6D9C3A96-6CC6-4B9E-89CD-30FFA8A402D5}.Debug|x86.Build.0 = Debug|Win32
		{6D9C3A96-6CC6-4B9E-89CD-30FFA8A402D5}.Release|x64.ActiveCfg = Release|x64
		{6D9C3A96-6CC6-4B9E-89CD-30FFA8A402D5}.Release|x64.Build.0 = Release|x64
		{6D9C3A96-6CC6-4B9E-89CD-30FFA8A402D5}.Release|x86.ActiveCfg = Release|Win32
		{6D9C3A96-6CC6-4B9E-89CD-30FFA8A402D5}.Release|x86.Build.0 = Release|Win32
		{8419EA9D-8DC8-4F30-B044-C6290852C2BC}.Debug|x64.ActiveCfg = Debug|x64
		{8419EA9D-8DC8-4F30-B044-C6290852C2BC}.Debug|x64.Build.0 = Debug|x64
		{8419EA9D-8DC8-4F30-B044-C6290852C2BC}.Debug|x86.ActiveCfg = Debug|Win32
		{8419EA9D-8DC8-4F30-B044-C6290852C2BC}.Debug|x86.Build.0 = Debug|Win32
		{8419EA9D-8DC8-4F30-B044-C6290852C2BC}.Release|x64.ActiveCfg = Release|x64
		{8419EA9D-8DC8-4F30-B044-C6290852C2BC}.Release|x64.Build.0 = Release|x64
		{8419EA9D-8DC8-4F30-B044-C6290852C2BC}.Release|x86.ActiveCfg = Release|Win32
		{8419EA9D-8DC8-4F30-B044-C6290852C2BC}.Release|x86.Build.0 = Release|Win32
		{E9BDACCC-8E2F-4302-8A88-DAE55C46188E}.Debug|x64.ActiveCfg = Debug|x64
		{E9BDACCC-8E2F-4302-8A88-DAE55C46188E}.Debug|x64.Build.0 = Debug|x64
		{E9BDACCC-8E2F-4302-8A88-DAE55C46188E}.Debug|x86.ActiveCfg = Debug|Win32
		{E9BDACCC-8E2F-4302-8A88-DAE55C46188E}.Debug|x86.Build.0 = Debug|Win32
		{E9BDACCC-8E2F-4302-8A88-DAE55C46188E}.Release|x64.ActiveCfg = Release|x64
		{E9BDACCC-8E2F-4302-8A88-DAE55C46188E}.Release|x64.Build.0 = Release|x64
		{E9BDACCC-8E2F-4302-8A88-DAE55C46188E}.Release|x86.ActiveCfg = Release|Win32
		{E9BDACCC-8E2F-4302-8A88-DAE55C46188E}.Release|x86.Build.0 = Release|Win32
		{BE101DE6-7984-4242-8BE3-056420200178}.Debug|x64.ActiveCfg = Debug|x64
		{BE101DE6-7984-4242-8BE3-056420200178}.Debug|x64.Build.0 = Debug|x64
		{BE101DE6-7984-4242-8BE3-056420200178}.Debug|x86.ActiveCfg = Debug|Win32
		{BE101DE6-7984-4242-8BE3-056420200178}.Debug|x86.Build.0 = Debug|Win32
		{BE101DE6-7984-4242-8BE3-056420200178}.Release|x64.ActiveCfg = Release|x64
		{BE101DE6-7984-4242-8BE3-056420200178}.Release|x64.Build.0 = Release|x64
		{BE101DE6-7984-4242-8BE3-056420200178}.Release|x86.ActiveCfg = Release|Win32
		{BE101DE6-7984-4242-8BE3-056420200178}.Release|x86.Build.0 = Release|Win32
		{ADA0527A-E899-4DC8-8ADA-642EF21867F2}.Debug|x64.ActiveCfg = Debug|x64
		{ADA0527A-E899-4DC8-8ADA-642EF21867F2}.Debug|x64.Build.0 = Debug|x64
		{ADA0527A-E899-4DC8-8ADA-642EF21867F2}.Debug|x86.ActiveCfg = Debug|Win32
		{ADA0527A-E899-4DC8-8ADA-642EF21867F2}.Debug|x86.Build.0 = Debug|Win32
		{ADA0527A-E899-4DC8-8ADA-642EF21867F2}.Release|x64.ActiveCfg = Release|x64
		{ADA0527A-E899-4DC8-8ADA-642EF21867F2}.Release|x64.Build.0 = Release|x64
		{ADA0527A-E899-4DC8-8ADA-642EF21867F2}.Release|x86.ActiveCfg = Release|Win32
		{ADA0527A-E899-4DC8-8ADA-642EF21867F2}.Release|x86.Build.0 = Release|Win32
		{93EFE5B9-122C-4C56-BED5-996AE1A0256E}.Debug|x64.ActiveCfg = Debug|x64
		{93EFE5B9-122C-4C56-BED5-996AE1A0256E}.Debug|x64.Build.0 = Debug|x64
		{93EFE5B9-122C-4C56-BED5-996AE1A0256E}.Debug|x86.ActiveCfg = Debug|Win32
		{93EFE5B9-122C-4C56-BED5-996AE1A0256E}.Debug|x86.Build.0 = Debug|Win32
		{93EFE5B9-122C-4C56-BED5-996AE1A0256E}.Release|x64.ActiveCfg = Release|x64
		{93EFE5B9-122C-4C56-BED5-996AE1A0256E}.Release|x64.Build.0 = Release|x64
		{93EFE5B9-122C-4C56-BED5-996AE1A0256E}.Release|x86.ActiveCfg = Release|Win32
		{93EFE5B9-122C-4C56-BED5-996AE1A0256E}.Release|x86.Build.0 = Release|Win32
		{33FEA1CF-778F-4CE9-94BA-C5EDC60D7C00}.Debug|x64.ActiveCfg = Debug|x64
		{33FEA1CF-778F-4CE9-94BA-C5EDC60D7C00}.Debug|x64.Build.0 = Debug|x64
		{33FEA1CF-778F-4CE9-94BA-C5EDC60D7C00}.Debug|x86.ActiveCfg = Debug|Win32
		{33FEA1CF-778F-4CE9-94BA-C5EDC60D7C00}.Debug|x86.Build.0 = Debug|Win32
		{33FEA1CF-778F-4CE9-94BA-C5EDC60D7C00}.Release|x64.ActiveCfg = Release|x64
		{33FEA1CF-778F-4CE9-94BA-C5EDC60D7C00}.Release|x64.Build.0 = Release|x64
		{33FEA1CF-778F-4CE9-94BA-C5EDC60D7C00}.Release|x86.ActiveCfg = Release|Win32
		{33FEA1CF-778F-4CE9-94BA-C5EDC60D7C00}.Release|x86.Build.0 = Release|Win32
		{9C008DD9-B368-48D6-88F9-597F6955FD1D}.Debug|x64.ActiveCfg = Debug|x64
		{9C008DD9-B368-48D6-88F9-597F6955FD1D}.Debug|x64.Build.0 = Debug|x64
		{9C008DD9-B368-48D6-88F9-597F6955FD1D}.Debug|x86.ActiveCfg = Debug|Win32
		{9C008DD9-B368-48D6-88F9-597F6955FD1D}.Debug|x86.Build.0 = Debug|Win32
		{9C008DD9-B368-48D6-88F9-597F6955FD1D}.Release|x64.ActiveCfg = Release|x64
		{9C008DD9-B368-48D6-88F9-597F6955FD1D}.Release|x64.Build.0 = Release|x64
		{9C008DD9-B368-48D6-88F9-597F6955FD1D}.Release|x86.ActiveCfg = Release|Win32
		{9C008DD9-B368-48D6-88F9-597F6955FD1D}.Release|x86.Build.0 = Release|Win32
		{837908BE-9B59-4660-AE8E-14D67F7CCD3F}.Debug|x64.ActiveCfg = Debug|x64
		{837908BE-9B59-4660-AE8E-14D67F7CCD3F}.Debug|x64.Build.0 = Debug|x64
		{837908BE-9B59-4660-AE8E-14D67F7CCD3F}.Debug|x86.ActiveCfg = Debug|Win32
		{837908BE-9B59-4660-AE8E-14D67F7CCD3F}.Debug|x86.Build.0 = Debug|Win32
		{837908BE-9B59-4660-AE8E-14D67F7CCD3F}.Release|x64.ActiveCfg = Release|x64
		{837908BE-9B59-4660-AE8E-14D67F7CCD3F}.Release|x64.Build.0 = Release|x64
		{837908BE-9B59-4660-AE8E-14D67F7CCD3F}.Release|x86.ActiveCfg = Release|Win32
		{837908BE-9B59-4660-AE8E-14D67F7CCD3F}.Release|x86.Build.0 = Release|Win32
		{765CD06F-BD54-44BA-A84A-F45467EF4C00}.Debug|x64.ActiveCfg = Debug|x64
		{765CD06F-BD54-44BA-A84A-F45467EF4C00}.Debug|x64.Build.0 = Debug|x64
		{765CD06F-BD54-44BA-A84A-F45467EF4C00}.Debug|x86.ActiveCfg = Debug|Win32
		{765CD06F-BD54-44BA-A84A-F45467EF4C00}.Debug|x86.Build.0 = Debug|Win32
		{765CD06F-BD54-44BA-A84A-F45467EF4C00}.Release|x64.ActiveCfg = Release|x64
		{765CD06F-BD54-44BA-A84A-F45467EF4C00}.Release|x64.Build.0 = Release|x64
		{765CD06F-BD54-44BA-A84A-F45467EF4C00}.Release|x86.ActiveCfg = Release|Win32
		{765CD06F-BD54-44BA-A84A-F45467EF4C00}.Release|x86.Build.0 = Release|Win32
		{ED944911-E95D-44AE-9E04-47DBAAD0EBAD}.Debug|x64.ActiveCfg = Debug|x64
		{ED944911-E95D-44AE-9E04-47DBAAD0EBAD}.Debug|x64.Build.0 = Debug|x64
		{ED944911-E95D-44AE-9E04-47DBAAD0EBAD}.Debug|x86.ActiveCfg = Debug|Win32
		{ED944911-E95D-44AE-9E04-47DBAAD0EBAD}.Debug|x86.Build.0 = Debug|Win32
		{ED944911-E95D-44AE-9E04-47DBAAD0EBAD}.Release|x64.ActiveCfg = Release|x64
		{ED944911-E95D-44AE-9E04-47DBAAD0EBAD}.Release|x64.Build.0 = Release|x64
		{ED944911-E95D-44AE-9E04-47DBAAD0EBAD}.Release|x86.ActiveCfg = Release|Win32
		{ED944911-E95D-44AE-9E04-47DBAAD0EBAD}.Release|x86.Build.0 = Release|Win32
		{E385BA61-FCD5-4B1B-ADDF-10DEFFCDD1B1}.Debug|x64.ActiveCfg = Debug|x64
		{E385BA61-FCD5-4B1B-ADDF-10DEFFCDD1B1}.Debug|x64.Build.0 = Debug|x64
		{E385BA61-FCD5-4B1B-ADDF-10DEFFCDD1B1}.Debug|x86.ActiveCfg = Debug|Win32
		{E385BA61-FCD5-4B1B-ADDF-10DEFFCDD1B1}.Debug|x86.Build.0 = Debug|Win32
		{E385BA61-FCD5-4B1B-ADDF-10DEFFCDD1B1}.Release|x64.ActiveCfg = Release|x64
		{E385BA61-FCD5-4B1B-ADDF-10DEFFCDD1B1}.Release|x64.Build.0 = Release|x64
		{E385BA61-FCD5-4B1B-ADDF-10DEFFCDD1B1}.Release|x86.ActiveCfg = Release|Win32
		{E385BA61-FCD5-4B1B-ADDF-10DEFFCDD1B1}.Release|x86.Build.0 = Release|Win32
		{12FA3948-0F1E-447B-B634-A534B07AA1B0}.Debug|x64.ActiveCfg = Debug|x64
		{12FA3948-0F1E-447B-B634-A534B07AA1B0}.Debug|x64.Build.0 = Debug|x64
		{12FA3948-0F1E-447B-B634-A534B07AA1B0}.Debug|x86.ActiveCfg = Debug|Win32
		{12FA3948-0F1E-447B-B634-A534B07AA1B0}.Debug|x86.Build.0 = Debug|Win32
		{12FA3948-0F1E-447B-B634-A534B07AA1B0}.Release|x64.ActiveCfg = Release|x64
		{12FA3948-0F1E-447B-B634-A534B07AA1B0}.Release|x64.Build.0 = Release|x64
		{12FA3948-0F1E-447B-B634-A534B07AA1B0}.Release|x86.ActiveCfg = Release|Win32
		{12FA3948-0F1E-447B-B634-A534B07AA1B0}.Release|x86.Build.0 = Release|Win32
		{8F7E38E3-F946-4A18-A5CA-D703A509B794}.Debug|x64.ActiveCfg = Debug|x64
		{8F7E38E3-F946-4A18-A5CA-D703A509B794}.Debug|x64.Build.0 = Debug|x64
		{8F7E38E3-F946-4A18-A5CA-D703A509B794}.Debug|x86.ActiveCfg = Debug|Win32
		{8F7E38E3-F946-4A18-A5CA-D703A509B794}.Debug|x86.Build.0 = Debug|Win32
		{8F7E38E3-F946-4A18-A5CA-D703A509B794}.Release|x64.ActiveCfg = Release|x64
		{8F7E38E3-F946-4A18-A5CA-D703A509B794}.Release|x64.Build.0 = Release|x64
		{8F7E38E3-F946-4A18-A5CA-D703A509B794}.Release|x86.ActiveCfg = Release|Win32
		{8F7E38E3-F946-4A18-A5CA-D703A509B794}.Release|x86.Build.0 = Release|Win32
		{1B8A99DA-545A-451F-A053-0D185ADB2B0B}.Debug|x64.ActiveCfg = Debug|x64
		{1B8A99DA-545A-451F-A053-0D185ADB2B0B}.Debug|x64.Build.0 = Debug|x64
		{1B8A99DA-545A-451F-A053-0D185ADB2B0B}.Debug|x86.ActiveCfg = Debug|Win32
		{1B8A99DA-545A-451F-A053-0D185ADB2B0B}.Debug|x86.Build.0 = Debug|Win32
		{1B8A99DA-545A-451F-A053-0D185ADB2B0B}.Release|x64.ActiveCfg = Release|x64
		{1B8A99DA-545A-451F-A053-0D185ADB2B0B}.Release|x64.Build.0 = Release|x64
		{1B8A99DA-545A-451F-A053-0D185ADB2B0B}.Release|x86.ActiveCfg = Release|Win32
		{1B8A99DA-545A-451F-A053-0D185ADB2B0B}.Release|x86.Build.0 = Release|Win32
		{7E02DDCD-8983-4564-A0B6-8ECB54789F76}.Debug|x64.ActiveCfg = Debug|x64
		{7E02DDCD-8983-4564-A0B6-8ECB54789F76}.Debug|x64.Build.0 = Debug|x64
		{7E02DDCD-8983-4564-A0B6-8ECB54789F76}.Debug|x86.ActiveCfg = Debug|Win32
		{7E02DDCD-8983-4564-A0B6-8ECB54789F76}.Debug|x86.Build.0 = Debug|Win32
		{7E02DDCD-8983-4564-A0B6-8ECB54789F76}.Release|x64.ActiveCfg = Release|x64
		{7E02DDCD-8983-4564-A0B6-8ECB54789F76}.Release|x64.Build.0 = Release|x64
		{7E02DDCD-8983-4564-A0B6-8ECB54789F76}.Release|x86.ActiveCfg = Release|Win32
		{7E02DDCD-8983-4564-A0B6-8ECB54789F76}.Release|x86.Build.0 = Release|Win32
		{389566A9-CDB8-4FB5-97D7-7BB8A9A7F3EA}.Debug|x64.ActiveCfg = Debug|x64
		{389566A9-CDB8-4FB5-97D7-7BB8A9A7F3EA}.Debug|x64.Build.0 = Debug|x64
		{389566A9-CDB8-4FB5-97D7-7BB8A9A7F3EA}.Debug|x86.ActiveCfg = Debug|Win32
		{389566A9-CDB8-4FB5-97D7-7BB8A9A7F3EA}.Debug|x86.Build.0 = Debug|Win32
		{389566A9-CDB8-4FB5-97D7-7BB8A9A7F3EA}.Release|x64.ActiveCfg = Release|x64
		{389566A9-CDB8-4FB5-97D7-7BB8A9A7F3EA}.Release|x64.Build.0 = Release|x64
		{389566A9-CDB8-4FB5-97D7-7BB8A9A7F3EA}.Release|x86.ActiveCfg = Release|Win32
		{389566A9-CDB8-4FB5-97D7-7BB8A9A7F3EA}.Release|x86.Build.0 = Release|Win32
		{1037297E-B43E-4834-A356-68CCD1152CCF}.Debug|x64.ActiveCfg = Debug|x64
		{1037297E-B43E-4834-A356-68CCD1152CCF}.Debug|x64.Build.0 = Debug|x64
		{1037297E-B43E-4834-A356-68CCD1152CCF}.Debug|x86.ActiveCfg = Debug|Win32
		{1037297E-B43E-4834-A356-68CCD1152CCF}.Debug|x86.Build.0 = Debug|Win32
		{1037297E-B43E-4834-A356-68CCD1152CCF}.Release|x64.ActiveCfg = Release|x64
		{1037297E-B43E-4834-A356-68CCD1152CCF}.Release|x64.Build.0 = Release|x64
		{1037297E-B43E-4834-A356-68CCD1152CCF}.Release|x86.ActiveCfg = Release|Win32
		{1037297E-B43E-4834-A356-68CCD1152CCF}.Release|x86.Build.0 = Release|Win32
		{5841A605-505E-4319-9982-EF6FACE28A3D}.Debug|x64.ActiveCfg = Debug|x64
		{5841A605-505E-4319-9982-EF6FACE28A3D}.Debug|x64.Build.0 = Debug|x64
		{5841A605-505E-4319-9982-EF6FACE28A3D}.Debug|x86.ActiveCfg = Debug|Win32
		{5841A605-505E-4319-9982-EF6FACE28A3D}.Debug|x86.Build.0 = Debug|Win32
		{5841A605-505E-4319-9982-EF6FACE28A3D}.Release|x64.ActiveCfg = Release|x64
		{5841A605-505E-4319-9982-EF6FACE28A3D}.Release|x64.Build.0 = Release|x64
		{5841A605-505E-4319-9982-EF6FACE28A3D}.Release|x86.ActiveCfg = Release|Win32
		{5841A605-505E-4319-9982-EF6FACE28A3D}.Release|x86.Build.0 = Release|Win32
		{DE440862-3B01-4F48-B17A-DE69FA4FFA8B}.Debug|x64.ActiveCfg = Debug|x64
		{DE440862-3B01-4F48-B17A-DE69FA4FFA8B}.Debug|x64.Build.0 = Debug|x64
		{DE440862-3B01-4F48-B17A-DE69FA4FFA8B}.Debug|x86.ActiveCfg = Debug|Win32
		{DE440862-3B01-4F48-B17A-DE69FA4FFA8B}.Debug|x86.Build.0 = Debug|Win32
		{DE440862-3B01-4F48-B17A-DE69FA4FFA8B}.Release|x64.ActiveCfg = Release|x64
		{DE440862-3B01-4F48-B17A-DE69FA4FFA8B}.Release|x64.Build.0 = Release|x64
		{DE440862-3B01-4F48-B17A-DE69FA4FFA8B}.Release|x86.ActiveCfg = Release|Win32
		{DE440862-3B01-4F48-B17A-DE69FA4FFA8B}.Release|x86.Build.0 = Release|Win32
		{76C1A107-2A09-496A-9FAF-55EBB7944223}.Debug|x64.ActiveCfg = Debug|x64
		{76C1A107-2A09-496A-9FAF-55EBB7944223}.Debug|x64.Build.0 = Debug|x64
		{76C1A107-2A09-496A-9FAF-55EBB7944223}.Debug|x86.ActiveCfg = Debug|Win32
		{76C1A107-2A09-496A-9FAF-55EBB7944223}.Debug|x86.Build.0 = Debug|Win32
		{76C1A107-2A09-496A-9FAF-55EBB7944223}.Release|x64.ActiveCfg = Release|x64
		{76C1A107-2A09-496A-9FAF-55EBB7944223}.Release|x64.Build.0 = Release|x64
		{76C1A107-2A09-496A-9FAF-55EBB7944223}.Release|x86.ActiveCfg = Release|Win32
		{76C1A107-2A09-496A-9FAF-55EBB7944223}.Release|x86.Build.0 = Release|Win32
		{D550E354-E4ED-4F5A-86F4-ED639DBB3EFE}.Debug|x64.ActiveCfg = Debug|x64
		{D550E354-E4ED-4F5A-86F4-ED639DBB3EFE}.Debug|x64.Build.0 = Debug|x64
		{D550E354-E4ED-4F5A-86F4-ED639DBB3EFE}.Debug|x86.ActiveCfg = Debug|Win32
		{D550E354-E4ED-4F5A-86F4-ED639DBB3EFE}.Debug|x86.Build.0 = Debug|Win32
		{D550E354-E4ED-4F5A-86F4-ED639DBB3EFE}.Release|x64.ActiveCfg = Release|x64
		{D550E354-E4ED-4F5A-86F4-ED639DBB3EFE}.Release|x64.Build.0 = Release|x64
		{D550E354-E4ED-4F5A-86F4-ED639DBB3EFE}.Release|x86.ActiveCfg = Release|Win32
		{D550E354-E4ED-4F5A-86F4-ED639DBB3EFE}.Release|x86.Build.0 = Release|Win32
		{DC52B735-D180-4B5C-B9A7-6906D9628895}.Debug|x64.ActiveCfg = Debug|x64
		{DC52B735-D180-4B5C-B9A7-6906D9628895}.Debug|x64.Build.0 = Debug|x64
		{DC52B735-D180-4B5C-B9A7-6906D9628895}.Debug|x86.ActiveCfg = Debug|Win32
		{DC52B735-D180-4B5C-B9A7-6906D9628895}.Debug|x86.Build.0 = Debug|Win32
		{DC52B735-D180-4B5C-B9A7-6906D9628895}.Release|x64.ActiveCfg = Release|x64
		{DC52B735-D180-4B5C-B9A7-6906D9628895}.Release|x64.Build.0 = Release|x64
		{DC52B735-D180-4B5C-B9A7-6906D9628895}.Release|x86.ActiveCfg = Release|Win32
		{DC52B735-D180-4B5C-B9A7-6906D9628895}.Release|x86.Build.0 = Release|Win32
		{9179695F-505A-44B5-99E6-C7DEA9FE37A0}.Debug|x64.ActiveCfg = Debug|x64
		{9179695F-505A-44B5-99E6-C7DEA9FE37A0}.Debug|x64.Build.0 = Debug|x64
		{9179695F-505A-44B5-99E6-C7DEA9FE37A0}.Debug|x86.ActiveCfg = Debug|Win32
		{9179695F-505A-44B5-99E6-C7DEA9FE37A0}.Debug|x86.Build.0 = Debug|Win32
		{9179695F-505A-44B5-99E6-C7DEA9FE37A0}.Release|x64.ActiveCfg = Release|x64
		{9179695F-505A-44B5-99E6-C7DEA9FE37A0}.Release|x64.Build.0 = Release|x64
		{9179695F-505A-44B5-99E6-C7DEA9FE37A0}.Release|x86.ActiveCfg = Release|Win32
		{9179695F-505A-44B5-99E6-C7DEA9FE37A0}.Release|x86.Build.0 = Release|Win32
		{521D625D-E69C-4EE3-B0E8-773709B75C4A}.Debug|x64.ActiveCfg = Debug|x64
		{521D625D-E69C-4EE3-B0E8-773709B75C4A}.Debug|x64.Build.0 = Debug|x64
		{521D625D-E69C-4EE3-B0E8-773709B75C4A}.Debug|x86.ActiveCfg = Debug|Win32
		{521D625D-E69C-4EE3-B0E8-773709B75C4A}.Debug|x86.Build.0 = Debug|Win32
		{521D625D-E69C-4EE3-B0E8-773709B75C4A}.Release|x64.ActiveCfg = Release|x64
		{521D625D-E69C-4EE3-B0E8-773709B75C4A}.Release|x64.Build.0 = Release|x64
		{521D625D-E69C-4EE3-B0E8-773709B75C4A}.Release|x86.ActiveCfg = Release|Win32
		{521D625D-E69C-4EE3-B0E8-773709B75C4A}.Release|x86.Build.0 = Release|Win32
		{B361904A-CDDC-41FC-9CC3-EF0F2B861A9C}.Debug|x64.ActiveCfg = Debug|x64
		{B361904A-CDDC-41FC-9CC3-EF0F2B861A9C}.Debug|x64.Build.0 = Debug|x64
		{B361904A-CDDC-41FC-9CC3-EF0F2B861A9C}.Debug|x86.ActiveCfg = Debug|Win32
		{B361904A-CDDC-41FC-9CC3-EF0F2B861A9C}.Debug|x86.Build.0 = Debug|Win32
		{B361904A-CDDC-41FC-9CC3-EF0F2B861A9C}.Release|x64.ActiveCfg = Release|x64
		{B361904A-CDDC-41FC-9CC3-EF0F2B861A9C}.Release|x64.Build.0 = Release|x64
		{B361904A-CDDC-41FC-9CC3-EF0F2B861A9C}.Release|x86.ActiveCfg = Release|Win32
		{B361904A-CDDC-41FC-9CC3-EF0F2B861A9C}.Release|x86.Build.0 = Release|Win32
		{E6795E2B-263C-4971-AE7A-4BC30C76DE43}.Debug|x64.ActiveCfg = Debug|x64
		{E6795E2B-263C-4971-AE7A-4BC30C76DE43}.Debug|x64.Build.0 = Debug|x64
		{E6795E2B-263C-4971-AE7A-4BC30C76DE43}.Debug|x86.ActiveCfg = Debug|Win32
		{E6795E2B-263C-4971-AE7A-4BC30C76DE43}.Debug|x86.Build.0 = Debug|Win32
		{E6795E2B-263C-4971-AE7A-4BC30C76DE43}.Release|x64.ActiveCfg = Release|x64
		{E6795E2B-263C-4971-AE7A-4BC30C76DE43}.Release|x64.Build.0 = Release|x64
		{E6795E2B-263C-4971-AE7A-4BC30C76DE43}.Release|x86.ActiveCfg = Release|Win32
		{E6795E2B-263C-4971-AE7A-4BC30C76DE43}.Release|x86.Build.0 = Release|Win32
		{0D2F6E94-5484-449D-B473-B088B6EF5DA1}.Debug|x64.ActiveCfg = Debug|x64
		{0D2F6E94-5484-449D-B473-B088B6EF5DA1}.Debug|x64.Build.0 = Debug|x64
		{0D2F6E94-5484-449D-B473-B088B6EF5DA1}.Debug|x86.ActiveCfg = Debug|Win32
		{0D2F6E94-5484-449D-B473-B088B6EF5DA1}.Debug|x86.Build.0 = Debug|Win32
		{0D2F6E94-5484-449D-B473-B088B6EF5DA1}.Release|x64.ActiveCfg = Release|x64
		{0D2F6E94-5484-449D-B473-B088B6EF5DA1}.Release|x64.Build.0 = Release|x64
		{0D2F6E94-5484-449D-B473-B088B6EF5DA1}.Release|x86.ActiveCfg = Release|Win32
		{0D2F6E94-5484-449D-B473-B088B6EF5DA1}.Release|x86.Build.0 = Release|Win32
		{C9200DBB-991A-4547-939E-45A915B49582}.Debug|x64.ActiveCfg = Debug|x64
		{C9200DBB-991A-4547-939E-45A915B49582}.Debug|x64.Build.0 = Debug|x64
		{C9200DBB-991A-4547-939E-45A915B49582}.Debug|x86.ActiveCfg = Debug|Win32
		{C9200DBB-991A-4547-939E-45A915B49582}.Debug|x86.Build.0 = Debug|Win32
		{C9200DBB-991A-4547-939E-45A915B49582}.Release|x64.ActiveCfg = Release|x64
		{C9200DBB-991A-4547-939E-45A915B49582}.Release|x64.Build.0 = Release|x64
		{C9200DBB-991A-4547-939E-45A915B49582}.Release|x86.ActiveCfg = Release|Win32
		{C9200DBB-991A-4547-939E-45A915B49582}.Release|x86.Build.0 = Release|Win32
		{C2409B07-27D7-403F-901E-8797654D0804}.Debug|x64.ActiveCfg = Debug|x64
		{C2409B07-27D7-403F-901E-8797654D0804}.Debug|x64.Build.0 = Debug|x64
		{C2409B07-27D7-403F-901E-8797654D0804}.Debug|x86.ActiveCfg = Debug|Win32
		{C2409B07-27D7-403F-901E-8797654D0804}.Debug|x86.Build.0 = Debug|Win32
		{C2409B07-27D7-403F-901E-8797654D0804}.Release|x64.ActiveCfg = Release|x64
		{C2409B07-27D7-403F-901E-8797654D0804}.Release|x64.Build.0 = Release|x64
		{C2409B07-27D7-403F-901E-8797654D0804}.Release|x86.ActiveCfg = Release|Win32
		{C2409B07-27D7-403F-901E-8797654D0804}.Release|x86.Build.0 = Release|Win32
		{C4D901A9-6B61-4C16-A75C-B538F4B374C2}.Debug|x64.ActiveCfg = Debug|x64
		{C4D901A9-6B61-4C16-A75C-B538F4B374C2}.Debug|x64.Build.0 = Debug|x64
		{C4D901A9-6B61-4C16-A75C-B538F4B374C2}.Debug|x86.ActiveCfg = Debug|Win32
		{C4D901A9-6B61-4C16-A75C-B538F4B374C2}.Debug|x86.Build.0 = Debug|Win32
		{C4D901A9-6B61-4C16-A75C-B538F4B374C2}.Release|x64.ActiveCfg = Release|x64
		{C4D901A9-6B61-4C16-A75C-B538F4B374C2}.Release|x64.Build.0 = Release|x64
		{C4D901A9-6B61-4C16-A75C-B538F4B374C2}.Release|x86.ActiveCfg = Release|Win32
		{C4D901A9-6B61-4C16-A75C-B538F4B374C2}.Release|x86.Build.0 = Release|Win32
		{11AF55B4-E2C7-4AC9-8B8D-5A5CF3BF184D}.Debug|x64.ActiveCfg = Debug|x64
		{11AF55B4-E2C7-4AC9-8B8D-5A5CF3BF184D}.Debug|x64.Build.0 = Debug|x64
		{11AF55B4-E2C7-4AC9-8B8D-5A5CF3BF184D}.Debug|x86.ActiveCfg = Debug|Win32
		{11AF55B4-E2C7-4AC9-8B8D-5A5CF3BF184D}.Debug|x86.Build.0 = Debug|Win32
		{11AF55B4-E2C7-4AC9-8B8D-5A5CF3BF184D}.Release|x64.ActiveCfg = Release|x64
		{11AF55B4-E2C7-4AC9-8B8D-5A5CF3BF184D}.Release|x64.Build.0 = Release|x64
		{11AF55B4-E2C7-4AC9-8B8D-5A5CF3BF184D}.Release|x86.ActiveCfg = Release|Win32
		{11AF55B4-E2C7-4AC9-8B8D-5A5CF3BF184D}.Release|x86.Build.0 = Release|Win32
		{257381CB-08F9-48AC-AACE-E915928385AE}.Debug|x64.ActiveCfg = Debug|x64
		{257381CB-08F9-48AC-AACE-E915928385AE}.Debug|x64.Build.0 = Debug|x64
		{257381CB-08F9-48AC-AACE-E915928385AE}.Debug|x86.ActiveCfg = Debug|Win32
		{257381CB-08F9-48AC-AACE-E915928385AE}.Debug|x86.Build.0 = Debug|Win32
		{257381CB-08F9-48AC-AACE-E915928385AE}.Release|x64.ActiveCfg = Release|x64
		{257381CB-08F9-48AC-AACE-E915928385AE}.Release|x64.Build.0 = Release|x64
		{257381CB-08F9-48AC-AACE-E915928385AE}.Release|x86.ActiveCfg = Release|Win32
		{257381CB-08F9-48AC-AACE-E915928385AE}.Release|x86.Build.0 = Release|Win32
		{7715B458-E7DD-49D4-82CD-36C9B214AD6A}.Debug|x64.ActiveCfg = Debug|x64
		{7715B458-E7DD-49D4-82CD-36C9B214AD6A}.Debug|x64.Build.0 = Debug|x64
		{7715B458-E7DD-49D4-82CD-36C9B214AD6A}.Debug|x86.ActiveCfg = Debug|Win32
		{7715B458-E7DD-49D4-82CD-36C9B214AD6A}.Debug|x86.Build.0 = Debug|Win32
		{7715B458-E7DD-49D4-82CD-36C9B214AD6A}.Release|x64.ActiveCfg = Release|x64
		{7715B458-E7DD-49D4-82CD-36C9B214AD6A}.Release|x64.Build.0 = Release|x64
		{7715B458-E7DD-49D4-82CD-36C9B214AD6A}.Release|x86.ActiveCfg = Release|Win32
		{7715B458-E7DD-49D4-82CD-36C9B214AD6A}.Release|x86.Build.0 = Release|Win32
		{5EA6629F-F5AD-4EF1-828A-079BC8DB66D8}.Debug|x64.ActiveCfg = Debug|x64
		{5EA6629F-F5AD-4EF1-828A-079BC8DB66D8}.Debug|x64.Build.0 = Debug|x64
		{5EA6629F-F5AD-4EF1-828A-079BC8DB66D8}.Debug|x86.ActiveCfg = Debug|Win32
		{5EA6629F-F5AD-4EF1-828A-079BC8DB66D8}.Debug|x86.Build.0 = Debug|Win32
		{5EA6629F-F5AD-4EF1-828A-079BC8DB66D8}.Release|x64.ActiveCfg = Release|x64
		{5EA6629F-F5AD-4EF1-828A-079BC8DB66D8}.Release|x64.Build.0 = Release|x64
		{5EA6629F-F5AD-4EF1-828A-079BC8DB66D8}.Release|x86.ActiveCfg = Release|Win32
		{5EA6629F-F5AD-4EF1-828A-079BC8DB66D8}.Release|x86.Build.0 = Release|Win32
		{1CAE6C83-F168-4B73-952C-E1B73D8CE880}.Debug|x64.ActiveCfg = Debug|x64
		{1CAE6C83-F168-4B73-952C-E1B73D8CE880}.Debug|x64.Build.0 = Debug|x64
		{1CAE6C83-F168-4B73-952C-E1B73D8CE880}.Debug|x86.ActiveCfg = Debug|Win32
		{1CAE6C83-F168-4B73-952C-E1B73D8CE880}.Debug|x86.Build.0 = Debug|Win32
		{1CAE6C83-F168-4B73-952C-E1B73D8CE880}.Release|x64.ActiveCfg = Release|x64
		{1CAE6C83-F168-4B73-952C-E1B73D8CE880}.Release|x64.Build.0 = Release|x64
		{1CAE6C83-F168-4B73-952C-E1B73D8CE880}.Release|x86.ActiveCfg = Release|Win32
		{1CAE6C83-F168-4B73-952C-E1B73D8CE880}.Release|x86.Build.0 = Release|Win32
		{115651C5-632E-4C32-9929-64C939FEA9FD}.Debug|x64.ActiveCfg = Debug|x64
		{115651C5-632E-4C32-9929-64C939FEA9FD}.Debug|x64.Build.0 = Debug|x64
		{115651C5-632E-4C32-9929-64C939FEA9FD}.Debug|x86.ActiveCfg = Debug|Win32
		{115651C5-632E-4C32-9929-64C939FEA9FD}.Debug|x86.Build.0 = Debug|Win32
		{115651C5-632E-4C32-9929-64C939FEA9FD}.Release|x64.ActiveCfg = Release|x64
		{115651C5-632E-4C32-9929-64C939FEA9FD}.Release|x64.Build.0 = Release|x64
		{115651C5-632E-4C32-9929-64C939FEA9FD}.Release|x86.ActiveCfg = Release|Win32
		{115651C5-632E-4C32-9929-64C939FEA9FD}.Release|x86.Build.0 = Release|Win32
		{810CE4A1-63C6-4B2E-98F6-CEC70E3E40EC}.Debug|x64.ActiveCfg = Debug|x64
		{810CE4A1-63C6-4B2E-98F6-CEC70E3E40EC}.Debug|x64.Build.0 = Debug|x64
		{810CE4A1-63C6-4B2E-98F6-CEC70E3E40EC}.Debug|x86.ActiveCfg = Debug|Win32
		{810CE4A1-63C6-4B2E-98F6-CEC70E3E40EC}.Debug|x86.Build.0 = Debug|Win32
		{810CE4A1-63C6-4B2E-98F6-CEC70E3E40EC}.Release|x64.ActiveCfg = Release|x64
		{810CE4A1-63C6-4B2E-98F6-CEC70E3E40EC}.Release|x64.Build.0 = Release|x64
		{810CE4A1-63C6-4B2E-98F6-CEC70E3E40EC}.Release|x86.ActiveCfg = Release|Win32
		{810CE4A1-63C6-4B2E-98F6-CEC70E3E40EC}.Release|x86.Build.0 = Release|Win32
		{A4B47B11-9547-4942-A5C5-3B54B24BB7FF}.Debug|x64.ActiveCfg = Debug|x64
		{A4B47B11-9547-4942-A5C5-3B54B24BB7FF}.Debug|x64.Build.0 = Debug|x64
		{A4B47B11-9547-4942-A5C5-3B54B24BB7FF}.Debug|x86.ActiveCfg = Debug|Win32
		{A4B47B11-9547-4942-A5C5-3B54B24BB7FF}.Debug|x86.Build.0 = Debug|Win32
		{A4B47B11-9547-4942-A5C5-3B54B24BB7FF}.Release|x64.ActiveCfg = Release|x64
		{A4B47B11-9547-4942-A5C5-3B54B24BB7FF}.Release|x64.Build.0 = Release|x64
		{A4B47B11-9547-4942-A5C5-3B54B24BB7FF}.Release|x86.ActiveCfg = Release|Win32
		{A4B47B11-9547-4942-A5C5-3B54B24BB7FF}.Release|x86.Build.0 = Release|Win32
		{53CE1D55-C100-46ED-BC3A-EDFC2CD69A9D}.Debug|x64.ActiveCfg = Debug|x64
		{53CE1D55-C100-46ED-BC3A-EDFC2CD69A9D}.Debug|x64.Build.0 = Debug|x64
		{53CE1D55-C100-46ED-BC3A-EDFC2CD69A9D}.Debug|x86.ActiveCfg = Debug|Win32
		{53CE1D55-C100-46ED-BC3A-EDFC2CD69A9D}.Debug|x86.Build.0 = Debug|Win32
		{53CE1D55-C100-46ED-BC3A-EDFC2CD69A9D}.Release|x64.ActiveCfg = Release|x64
		{53CE1D55-C100-46ED-BC3A-EDFC2CD69A9D}.Release|x64.Build.0 = Release|x64
		{53CE1D55-C100-46ED-BC3A-EDFC2CD69A9D}.Release|x86.ActiveCfg = Release|Win32
		{53CE1D55-C100-46ED-BC3A-EDFC2CD69A9D}.Release|x86.Build.0 = Release|Win32
		{27EFBE7C-E93F-4E92-96C9-43ECEA2058D3}.Debug|x64.ActiveCfg = Debug|x64
		{27EFBE7C-E93F-4E92-96C9-43ECEA2058D3}.Debug|x64.Build.0 = Debug|x64
		{27EFBE7C-E93F-4E92-96C9-43ECEA2058D3}.Debug|x86.ActiveCfg = Debug|Win32
		{27EFBE7C-E93F-4E92-96C9-43ECEA2058D3}.Debug|x86.Build.0 = Debug|Win32
		{27EFBE7C-E93F-4E92-96C9-43ECEA2058D3}.Release|x64.ActiveCfg = Release|x64
		{27EFBE7C-E93F-4E92-96C9-43ECEA2058D3}.Release|x64.Build.0 = Release|x64
		{27EFBE7C-E93F-4E92-96C9-43ECEA2058D3}.Release|x86.ActiveCfg = Release|Win32
		{27EFBE7C-E93F-4E92-96C9-43ECEA2058D3}.Release|x86.Build.0 = Release|Win32
		{F5E7CF8A-6FA2-4F79-AAB1-E9F3925539D4}.Debug|x64.ActiveCfg = Debug|x64
		{F5E7CF8A-6FA2-4F79-AAB1-E9F3925539D4}.Debug|x64.Build.0 = Debug|x64
		{F5E7CF8A-6FA2-4F79-AAB1-E9F3925539D4}.Debug|x86.ActiveCfg = Debug|Win32
		{F5E7CF8A-6FA2-4F79-AAB1-E9F3925539D4}.Debug|x86.Build.0 = Debug|Win32
		{F5E7CF8A-6FA2-4F79-AAB1-E9F3925539D4}.Release|x64.ActiveCfg = Release|x64
		{F5E7CF8A-6FA2-4F79-AAB1-E9F3925539D4}.Release|x64.Build.0 = Release|x64
		{F5E7CF8A-6FA2-4F79-AAB1-E9F3925539D4}.Release|x86.ActiveCfg = Release|Win32
		{F5E7CF8A-6FA2-4F79-AAB1-E9F3925539D4}.Release|x86.Build.0 = Release|Win32
	EndGlobalSection
	GlobalSection(SolutionProperties) = preSolution
		HideSolutionNode = FALSE
	EndGlobalSection
	GlobalSection(ExtensibilityGlobals) = postSolution
		SolutionGuid = {C2A90536-7C6C-46FE-8AD3-8898B4045C60}
	EndGlobalSection
EndGlobal
