
Microsoft Visual Studio Solution File, Format Version 12.00
# Visual Studio Version 17
VisualStudioVersion = 17.7.34031.279
MinimumVisualStudioVersion = 10.0.40219.1
Project("{8BC9CEB8-8B4A-11D0-8D11-00A0C91BC942}") = "Bai031", "Bai031\Bai031.vcxproj", "{D5DD84A7-B98B-4058-8D4C-68122FFC3049}"
EndProject
Project("{8BC9CEB8-8B4A-11D0-8D11-00A0C91BC942}") = "Bai034", "Bai034\Bai034.vcxproj", "{329723F2-4CE4-4305-956A-2545D5EB8782}"
EndProject
Project("{8BC9CEB8-8B4A-11D0-8D11-00A0C91BC942}") = "Bai035", "Bai035\Bai035.vcxproj", "{F190E2F6-1749-4897-A518-0D60F908F8BE}"
EndProject
Project("{8BC9CEB8-8B4A-11D0-8D11-00A0C91BC942}") = "Bai036", "Bai036\Bai036.vcxproj", "{04996BCB-E7C7-41D3-A294-E2B643F0424F}"
EndProject
Project("{8BC9CEB8-8B4A-11D0-8D11-00A0C91BC942}") = "Bai037", "Bai037\Bai037.vcxproj", "{E3E26388-D417-422F-8A51-D7D037FD12F9}"
EndProject
Project("{8BC9CEB8-8B4A-11D0-8D11-00A0C91BC942}") = "Bai038", "Bai038\Bai038.vcxproj", "{D4C68BD6-2781-44D4-BB33-65817FB3AA0B}"
EndProject
Project("{8BC9CEB8-8B4A-11D0-8D11-00A0C91BC942}") = "Bai039", "Bai039\Bai039.vcxproj", "{3F0F26B1-2B58-445B-8FC9-C18FFE806C44}"
EndProject
Project("{8BC9CEB8-8B4A-11D0-8D11-00A0C91BC942}") = "Bai040", "Bai040\Bai040.vcxproj", "{7063CBAF-C3CB-4ABC-95CB-EE076614ECCA}"
EndProject
Project("{8BC9CEB8-8B4A-11D0-8D11-00A0C91BC942}") = "Bai041", "Bai041\Bai041.vcxproj", "{B3711A14-EC62-4586-A07A-70D2E7286775}"
EndProject
Project("{8BC9CEB8-8B4A-11D0-8D11-00A0C91BC942}") = "Bai042", "Bai042\Bai042.vcxproj", "{92133814-0A21-4C1B-90A9-3DDB2C61DE2E}"
EndProject
Project("{8BC9CEB8-8B4A-11D0-8D11-00A0C91BC942}") = "Bai043", "Bai043\Bai043.vcxproj", "{3008CFCE-4952-4416-945B-1D49076DE6D1}"
EndProject
Project("{8BC9CEB8-8B4A-11D0-8D11-00A0C91BC942}") = "Bai044", "Bai044\Bai044.vcxproj", "{E618F8AE-31E6-44E7-AC5F-7BA4A0554BA3}"
EndProject
Project("{8BC9CEB8-8B4A-11D0-8D11-00A0C91BC942}") = "Bai045", "Bai045\Bai045.vcxproj", "{4168A020-D4C3-49CA-8B56-ED372651CC3A}"
EndProject
Project("{8BC9CEB8-8B4A-11D0-8D11-00A0C91BC942}") = "Bai046", "Bai046\Bai046.vcxproj", "{53F41B82-48D2-4F2C-80C8-F41D21B2338A}"
EndProject
Project("{8BC9CEB8-8B4A-11D0-8D11-00A0C91BC942}") = "Bai047", "Bai047\Bai047.vcxproj", "{68A0980D-AAD2-4326-B9CF-0D9EEC2B6888}"
EndProject
Project("{8BC9CEB8-8B4A-11D0-8D11-00A0C91BC942}") = "Bai048", "Bai048\Bai048.vcxproj", "{808E68D9-9D87-46D2-8C9B-F27A7E8D07CC}"
EndProject
Project("{8BC9CEB8-8B4A-11D0-8D11-00A0C91BC942}") = "Bai049", "Bai049\Bai049.vcxproj", "{FAB3C55D-CA2C-48C8-896F-891BC9143613}"
EndProject
Project("{8BC9CEB8-8B4A-11D0-8D11-00A0C91BC942}") = "Bai050", "Bai050\Bai050.vcxproj", "{9AB1D361-BF10-47F7-A1AC-91667EA1B725}"
EndProject
Project("{8BC9CEB8-8B4A-11D0-8D11-00A0C91BC942}") = "Bai051", "Bai051\Bai051.vcxproj", "{F8D7F768-8931-4B7B-92FB-9B7A97366817}"
EndProject
Project("{8BC9CEB8-8B4A-11D0-8D11-00A0C91BC942}") = "Bai032", "Bai032\Bai032.vcxproj", "{065815D8-24ED-43A5-B06B-311C2CB95F9B}"
EndProject
Project("{8BC9CEB8-8B4A-11D0-8D11-00A0C91BC942}") = "Bai033", "Bai033\Bai033.vcxproj", "{AB38C895-6072-4378-8878-B3756D593A3F}"
EndProject
Global
	GlobalSection(SolutionConfigurationPlatforms) = preSolution
		Debug|x64 = Debug|x64
		Debug|x86 = Debug|x86
		Release|x64 = Release|x64
		Release|x86 = Release|x86
	EndGlobalSection
	GlobalSection(ProjectConfigurationPlatforms) = postSolution
		{D5DD84A7-B98B-4058-8D4C-68122FFC3049}.Debug|x64.ActiveCfg = Debug|x64
		{D5DD84A7-B98B-4058-8D4C-68122FFC3049}.Debug|x64.Build.0 = Debug|x64
		{D5DD84A7-B98B-4058-8D4C-68122FFC3049}.Debug|x86.ActiveCfg = Debug|Win32
		{D5DD84A7-B98B-4058-8D4C-68122FFC3049}.Debug|x86.Build.0 = Debug|Win32
		{D5DD84A7-B98B-4058-8D4C-68122FFC3049}.Release|x64.ActiveCfg = Release|x64
		{D5DD84A7-B98B-4058-8D4C-68122FFC3049}.Release|x64.Build.0 = Release|x64
		{D5DD84A7-B98B-4058-8D4C-68122FFC3049}.Release|x86.ActiveCfg = Release|Win32
		{D5DD84A7-B98B-4058-8D4C-68122FFC3049}.Release|x86.Build.0 = Release|Win32
		{329723F2-4CE4-4305-956A-2545D5EB8782}.Debug|x64.ActiveCfg = Debug|x64
		{329723F2-4CE4-4305-956A-2545D5EB8782}.Debug|x64.Build.0 = Debug|x64
		{329723F2-4CE4-4305-956A-2545D5EB8782}.Debug|x86.ActiveCfg = Debug|Win32
		{329723F2-4CE4-4305-956A-2545D5EB8782}.Debug|x86.Build.0 = Debug|Win32
		{329723F2-4CE4-4305-956A-2545D5EB8782}.Release|x64.ActiveCfg = Release|x64
		{329723F2-4CE4-4305-956A-2545D5EB8782}.Release|x64.Build.0 = Release|x64
		{329723F2-4CE4-4305-956A-2545D5EB8782}.Release|x86.ActiveCfg = Release|Win32
		{329723F2-4CE4-4305-956A-2545D5EB8782}.Release|x86.Build.0 = Release|Win32
		{F190E2F6-1749-4897-A518-0D60F908F8BE}.Debug|x64.ActiveCfg = Debug|x64
		{F190E2F6-1749-4897-A518-0D60F908F8BE}.Debug|x64.Build.0 = Debug|x64
		{F190E2F6-1749-4897-A518-0D60F908F8BE}.Debug|x86.ActiveCfg = Debug|Win32
		{F190E2F6-1749-4897-A518-0D60F908F8BE}.Debug|x86.Build.0 = Debug|Win32
		{F190E2F6-1749-4897-A518-0D60F908F8BE}.Release|x64.ActiveCfg = Release|x64
		{F190E2F6-1749-4897-A518-0D60F908F8BE}.Release|x64.Build.0 = Release|x64
		{F190E2F6-1749-4897-A518-0D60F908F8BE}.Release|x86.ActiveCfg = Release|Win32
		{F190E2F6-1749-4897-A518-0D60F908F8BE}.Release|x86.Build.0 = Release|Win32
		{04996BCB-E7C7-41D3-A294-E2B643F0424F}.Debug|x64.ActiveCfg = Debug|x64
		{04996BCB-E7C7-41D3-A294-E2B643F0424F}.Debug|x64.Build.0 = Debug|x64
		{04996BCB-E7C7-41D3-A294-E2B643F0424F}.Debug|x86.ActiveCfg = Debug|Win32
		{04996BCB-E7C7-41D3-A294-E2B643F0424F}.Debug|x86.Build.0 = Debug|Win32
		{04996BCB-E7C7-41D3-A294-E2B643F0424F}.Release|x64.ActiveCfg = Release|x64
		{04996BCB-E7C7-41D3-A294-E2B643F0424F}.Release|x64.Build.0 = Release|x64
		{04996BCB-E7C7-41D3-A294-E2B643F0424F}.Release|x86.ActiveCfg = Release|Win32
		{04996BCB-E7C7-41D3-A294-E2B643F0424F}.Release|x86.Build.0 = Release|Win32
		{E3E26388-D417-422F-8A51-D7D037FD12F9}.Debug|x64.ActiveCfg = Debug|x64
		{E3E26388-D417-422F-8A51-D7D037FD12F9}.Debug|x64.Build.0 = Debug|x64
		{E3E26388-D417-422F-8A51-D7D037FD12F9}.Debug|x86.ActiveCfg = Debug|Win32
		{E3E26388-D417-422F-8A51-D7D037FD12F9}.Debug|x86.Build.0 = Debug|Win32
		{E3E26388-D417-422F-8A51-D7D037FD12F9}.Release|x64.ActiveCfg = Release|x64
		{E3E26388-D417-422F-8A51-D7D037FD12F9}.Release|x64.Build.0 = Release|x64
		{E3E26388-D417-422F-8A51-D7D037FD12F9}.Release|x86.ActiveCfg = Release|Win32
		{E3E26388-D417-422F-8A51-D7D037FD12F9}.Release|x86.Build.0 = Release|Win32
		{D4C68BD6-2781-44D4-BB33-65817FB3AA0B}.Debug|x64.ActiveCfg = Debug|x64
		{D4C68BD6-2781-44D4-BB33-65817FB3AA0B}.Debug|x64.Build.0 = Debug|x64
		{D4C68BD6-2781-44D4-BB33-65817FB3AA0B}.Debug|x86.ActiveCfg = Debug|Win32
		{D4C68BD6-2781-44D4-BB33-65817FB3AA0B}.Debug|x86.Build.0 = Debug|Win32
		{D4C68BD6-2781-44D4-BB33-65817FB3AA0B}.Release|x64.ActiveCfg = Release|x64
		{D4C68BD6-2781-44D4-BB33-65817FB3AA0B}.Release|x64.Build.0 = Release|x64
		{D4C68BD6-2781-44D4-BB33-65817FB3AA0B}.Release|x86.ActiveCfg = Release|Win32
		{D4C68BD6-2781-44D4-BB33-65817FB3AA0B}.Release|x86.Build.0 = Release|Win32
		{3F0F26B1-2B58-445B-8FC9-C18FFE806C44}.Debug|x64.ActiveCfg = Debug|x64
		{3F0F26B1-2B58-445B-8FC9-C18FFE806C44}.Debug|x64.Build.0 = Debug|x64
		{3F0F26B1-2B58-445B-8FC9-C18FFE806C44}.Debug|x86.ActiveCfg = Debug|Win32
		{3F0F26B1-2B58-445B-8FC9-C18FFE806C44}.Debug|x86.Build.0 = Debug|Win32
		{3F0F26B1-2B58-445B-8FC9-C18FFE806C44}.Release|x64.ActiveCfg = Release|x64
		{3F0F26B1-2B58-445B-8FC9-C18FFE806C44}.Release|x64.Build.0 = Release|x64
		{3F0F26B1-2B58-445B-8FC9-C18FFE806C44}.Release|x86.ActiveCfg = Release|Win32
		{3F0F26B1-2B58-445B-8FC9-C18FFE806C44}.Release|x86.Build.0 = Release|Win32
		{7063CBAF-C3CB-4ABC-95CB-EE076614ECCA}.Debug|x64.ActiveCfg = Debug|x64
		{7063CBAF-C3CB-4ABC-95CB-EE076614ECCA}.Debug|x64.Build.0 = Debug|x64
		{7063CBAF-C3CB-4ABC-95CB-EE076614ECCA}.Debug|x86.ActiveCfg = Debug|Win32
		{7063CBAF-C3CB-4ABC-95CB-EE076614ECCA}.Debug|x86.Build.0 = Debug|Win32
		{7063CBAF-C3CB-4ABC-95CB-EE076614ECCA}.Release|x64.ActiveCfg = Release|x64
		{7063CBAF-C3CB-4ABC-95CB-EE076614ECCA}.Release|x64.Build.0 = Release|x64
		{7063CBAF-C3CB-4ABC-95CB-EE076614ECCA}.Release|x86.ActiveCfg = Release|Win32
		{7063CBAF-C3CB-4ABC-95CB-EE076614ECCA}.Release|x86.Build.0 = Release|Win32
		{B3711A14-EC62-4586-A07A-70D2E7286775}.Debug|x64.ActiveCfg = Debug|x64
		{B3711A14-EC62-4586-A07A-70D2E7286775}.Debug|x64.Build.0 = Debug|x64
		{B3711A14-EC62-4586-A07A-70D2E7286775}.Debug|x86.ActiveCfg = Debug|Win32
		{B3711A14-EC62-4586-A07A-70D2E7286775}.Debug|x86.Build.0 = Debug|Win32
		{B3711A14-EC62-4586-A07A-70D2E7286775}.Release|x64.ActiveCfg = Release|x64
		{B3711A14-EC62-4586-A07A-70D2E7286775}.Release|x64.Build.0 = Release|x64
		{B3711A14-EC62-4586-A07A-70D2E7286775}.Release|x86.ActiveCfg = Release|Win32
		{B3711A14-EC62-4586-A07A-70D2E7286775}.Release|x86.Build.0 = Release|Win32
		{92133814-0A21-4C1B-90A9-3DDB2C61DE2E}.Debug|x64.ActiveCfg = Debug|x64
		{92133814-0A21-4C1B-90A9-3DDB2C61DE2E}.Debug|x64.Build.0 = Debug|x64
		{92133814-0A21-4C1B-90A9-3DDB2C61DE2E}.Debug|x86.ActiveCfg = Debug|Win32
		{92133814-0A21-4C1B-90A9-3DDB2C61DE2E}.Debug|x86.Build.0 = Debug|Win32
		{92133814-0A21-4C1B-90A9-3DDB2C61DE2E}.Release|x64.ActiveCfg = Release|x64
		{92133814-0A21-4C1B-90A9-3DDB2C61DE2E}.Release|x64.Build.0 = Release|x64
		{92133814-0A21-4C1B-90A9-3DDB2C61DE2E}.Release|x86.ActiveCfg = Release|Win32
		{92133814-0A21-4C1B-90A9-3DDB2C61DE2E}.Release|x86.Build.0 = Release|Win32
		{3008CFCE-4952-4416-945B-1D49076DE6D1}.Debug|x64.ActiveCfg = Debug|x64
		{3008CFCE-4952-4416-945B-1D49076DE6D1}.Debug|x64.Build.0 = Debug|x64
		{3008CFCE-4952-4416-945B-1D49076DE6D1}.Debug|x86.ActiveCfg = Debug|Win32
		{3008CFCE-4952-4416-945B-1D49076DE6D1}.Debug|x86.Build.0 = Debug|Win32
		{3008CFCE-4952-4416-945B-1D49076DE6D1}.Release|x64.ActiveCfg = Release|x64
		{3008CFCE-4952-4416-945B-1D49076DE6D1}.Release|x64.Build.0 = Release|x64
		{3008CFCE-4952-4416-945B-1D49076DE6D1}.Release|x86.ActiveCfg = Release|Win32
		{3008CFCE-4952-4416-945B-1D49076DE6D1}.Release|x86.Build.0 = Release|Win32
		{E618F8AE-31E6-44E7-AC5F-7BA4A0554BA3}.Debug|x64.ActiveCfg = Debug|x64
		{E618F8AE-31E6-44E7-AC5F-7BA4A0554BA3}.Debug|x64.Build.0 = Debug|x64
		{E618F8AE-31E6-44E7-AC5F-7BA4A0554BA3}.Debug|x86.ActiveCfg = Debug|Win32
		{E618F8AE-31E6-44E7-AC5F-7BA4A0554BA3}.Debug|x86.Build.0 = Debug|Win32
		{E618F8AE-31E6-44E7-AC5F-7BA4A0554BA3}.Release|x64.ActiveCfg = Release|x64
		{E618F8AE-31E6-44E7-AC5F-7BA4A0554BA3}.Release|x64.Build.0 = Release|x64
		{E618F8AE-31E6-44E7-AC5F-7BA4A0554BA3}.Release|x86.ActiveCfg = Release|Win32
		{E618F8AE-31E6-44E7-AC5F-7BA4A0554BA3}.Release|x86.Build.0 = Release|Win32
		{4168A020-D4C3-49CA-8B56-ED372651CC3A}.Debug|x64.ActiveCfg = Debug|x64
		{4168A020-D4C3-49CA-8B56-ED372651CC3A}.Debug|x64.Build.0 = Debug|x64
		{4168A020-D4C3-49CA-8B56-ED372651CC3A}.Debug|x86.ActiveCfg = Debug|Win32
		{4168A020-D4C3-49CA-8B56-ED372651CC3A}.Debug|x86.Build.0 = Debug|Win32
		{4168A020-D4C3-49CA-8B56-ED372651CC3A}.Release|x64.ActiveCfg = Release|x64
		{4168A020-D4C3-49CA-8B56-ED372651CC3A}.Release|x64.Build.0 = Release|x64
		{4168A020-D4C3-49CA-8B56-ED372651CC3A}.Release|x86.ActiveCfg = Release|Win32
		{4168A020-D4C3-49CA-8B56-ED372651CC3A}.Release|x86.Build.0 = Release|Win32
		{53F41B82-48D2-4F2C-80C8-F41D21B2338A}.Debug|x64.ActiveCfg = Debug|x64
		{53F41B82-48D2-4F2C-80C8-F41D21B2338A}.Debug|x64.Build.0 = Debug|x64
		{53F41B82-48D2-4F2C-80C8-F41D21B2338A}.Debug|x86.ActiveCfg = Debug|Win32
		{53F41B82-48D2-4F2C-80C8-F41D21B2338A}.Debug|x86.Build.0 = Debug|Win32
		{53F41B82-48D2-4F2C-80C8-F41D21B2338A}.Release|x64.ActiveCfg = Release|x64
		{53F41B82-48D2-4F2C-80C8-F41D21B2338A}.Release|x64.Build.0 = Release|x64
		{53F41B82-48D2-4F2C-80C8-F41D21B2338A}.Release|x86.ActiveCfg = Release|Win32
		{53F41B82-48D2-4F2C-80C8-F41D21B2338A}.Release|x86.Build.0 = Release|Win32
		{68A0980D-AAD2-4326-B9CF-0D9EEC2B6888}.Debug|x64.ActiveCfg = Debug|x64
		{68A0980D-AAD2-4326-B9CF-0D9EEC2B6888}.Debug|x64.Build.0 = Debug|x64
		{68A0980D-AAD2-4326-B9CF-0D9EEC2B6888}.Debug|x86.ActiveCfg = Debug|Win32
		{68A0980D-AAD2-4326-B9CF-0D9EEC2B6888}.Debug|x86.Build.0 = Debug|Win32
		{68A0980D-AAD2-4326-B9CF-0D9EEC2B6888}.Release|x64.ActiveCfg = Release|x64
		{68A0980D-AAD2-4326-B9CF-0D9EEC2B6888}.Release|x64.Build.0 = Release|x64
		{68A0980D-AAD2-4326-B9CF-0D9EEC2B6888}.Release|x86.ActiveCfg = Release|Win32
		{68A0980D-AAD2-4326-B9CF-0D9EEC2B6888}.Release|x86.Build.0 = Release|Win32
		{808E68D9-9D87-46D2-8C9B-F27A7E8D07CC}.Debug|x64.ActiveCfg = Debug|x64
		{808E68D9-9D87-46D2-8C9B-F27A7E8D07CC}.Debug|x64.Build.0 = Debug|x64
		{808E68D9-9D87-46D2-8C9B-F27A7E8D07CC}.Debug|x86.ActiveCfg = Debug|Win32
		{808E68D9-9D87-46D2-8C9B-F27A7E8D07CC}.Debug|x86.Build.0 = Debug|Win32
		{808E68D9-9D87-46D2-8C9B-F27A7E8D07CC}.Release|x64.ActiveCfg = Release|x64
		{808E68D9-9D87-46D2-8C9B-F27A7E8D07CC}.Release|x64.Build.0 = Release|x64
		{808E68D9-9D87-46D2-8C9B-F27A7E8D07CC}.Release|x86.ActiveCfg = Release|Win32
		{808E68D9-9D87-46D2-8C9B-F27A7E8D07CC}.Release|x86.Build.0 = Release|Win32
		{FAB3C55D-CA2C-48C8-896F-891BC9143613}.Debug|x64.ActiveCfg = Debug|x64
		{FAB3C55D-CA2C-48C8-896F-891BC9143613}.Debug|x64.Build.0 = Debug|x64
		{FAB3C55D-CA2C-48C8-896F-891BC9143613}.Debug|x86.ActiveCfg = Debug|Win32
		{FAB3C55D-CA2C-48C8-896F-891BC9143613}.Debug|x86.Build.0 = Debug|Win32
		{FAB3C55D-CA2C-48C8-896F-891BC9143613}.Release|x64.ActiveCfg = Release|x64
		{FAB3C55D-CA2C-48C8-896F-891BC9143613}.Release|x64.Build.0 = Release|x64
		{FAB3C55D-CA2C-48C8-896F-891BC9143613}.Release|x86.ActiveCfg = Release|Win32
		{FAB3C55D-CA2C-48C8-896F-891BC9143613}.Release|x86.Build.0 = Release|Win32
		{9AB1D361-BF10-47F7-A1AC-91667EA1B725}.Debug|x64.ActiveCfg = Debug|x64
		{9AB1D361-BF10-47F7-A1AC-91667EA1B725}.Debug|x64.Build.0 = Debug|x64
		{9AB1D361-BF10-47F7-A1AC-91667EA1B725}.Debug|x86.ActiveCfg = Debug|Win32
		{9AB1D361-BF10-47F7-A1AC-91667EA1B725}.Debug|x86.Build.0 = Debug|Win32
		{9AB1D361-BF10-47F7-A1AC-91667EA1B725}.Release|x64.ActiveCfg = Release|x64
		{9AB1D361-BF10-47F7-A1AC-91667EA1B725}.Release|x64.Build.0 = Release|x64
		{9AB1D361-BF10-47F7-A1AC-91667EA1B725}.Release|x86.ActiveCfg = Release|Win32
		{9AB1D361-BF10-47F7-A1AC-91667EA1B725}.Release|x86.Build.0 = Release|Win32
		{F8D7F768-8931-4B7B-92FB-9B7A97366817}.Debug|x64.ActiveCfg = Debug|x64
		{F8D7F768-8931-4B7B-92FB-9B7A97366817}.Debug|x64.Build.0 = Debug|x64
		{F8D7F768-8931-4B7B-92FB-9B7A97366817}.Debug|x86.ActiveCfg = Debug|Win32
		{F8D7F768-8931-4B7B-92FB-9B7A97366817}.Debug|x86.Build.0 = Debug|Win32
		{F8D7F768-8931-4B7B-92FB-9B7A97366817}.Release|x64.ActiveCfg = Release|x64
		{F8D7F768-8931-4B7B-92FB-9B7A97366817}.Release|x64.Build.0 = Release|x64
		{F8D7F768-8931-4B7B-92FB-9B7A97366817}.Release|x86.ActiveCfg = Release|Win32
		{F8D7F768-8931-4B7B-92FB-9B7A97366817}.Release|x86.Build.0 = Release|Win32
		{065815D8-24ED-43A5-B06B-311C2CB95F9B}.Debug|x64.ActiveCfg = Debug|x64
		{065815D8-24ED-43A5-B06B-311C2CB95F9B}.Debug|x64.Build.0 = Debug|x64
		{065815D8-24ED-43A5-B06B-311C2CB95F9B}.Debug|x86.ActiveCfg = Debug|Win32
		{065815D8-24ED-43A5-B06B-311C2CB95F9B}.Debug|x86.Build.0 = Debug|Win32
		{065815D8-24ED-43A5-B06B-311C2CB95F9B}.Release|x64.ActiveCfg = Release|x64
		{065815D8-24ED-43A5-B06B-311C2CB95F9B}.Release|x64.Build.0 = Release|x64
		{065815D8-24ED-43A5-B06B-311C2CB95F9B}.Release|x86.ActiveCfg = Release|Win32
		{065815D8-24ED-43A5-B06B-311C2CB95F9B}.Release|x86.Build.0 = Release|Win32
		{AB38C895-6072-4378-8878-B3756D593A3F}.Debug|x64.ActiveCfg = Debug|x64
		{AB38C895-6072-4378-8878-B3756D593A3F}.Debug|x64.Build.0 = Debug|x64
		{AB38C895-6072-4378-8878-B3756D593A3F}.Debug|x86.ActiveCfg = Debug|Win32
		{AB38C895-6072-4378-8878-B3756D593A3F}.Debug|x86.Build.0 = Debug|Win32
		{AB38C895-6072-4378-8878-B3756D593A3F}.Release|x64.ActiveCfg = Release|x64
		{AB38C895-6072-4378-8878-B3756D593A3F}.Release|x64.Build.0 = Release|x64
		{AB38C895-6072-4378-8878-B3756D593A3F}.Release|x86.ActiveCfg = Release|Win32
		{AB38C895-6072-4378-8878-B3756D593A3F}.Release|x86.Build.0 = Release|Win32
	EndGlobalSection
	GlobalSection(SolutionProperties) = preSolution
		HideSolutionNode = FALSE
	EndGlobalSection
	GlobalSection(ExtensibilityGlobals) = postSolution
		SolutionGuid = {C2A90536-7C6C-46FE-8AD3-8898B4045C60}
	EndGlobalSection
EndGlobal
